# platform: linux-64
# env_hash: da65f783ebf511da1702c8de1801032012a9574da57eeb39060546d3d182d4a0
@EXPLICIT
https://conda.anaconda.org/conda-forge/linux-64/_libgcc_mutex-0.1-conda_forge.tar.bz2#d7c89558ba9fa0495403155b64376d81
https://conda.anaconda.org/conda-forge/linux-64/ca-certificates-2020.12.5-ha878542_0.tar.bz2#7eb5d4ffeee663caa1635cd67071bc1b
https://conda.anaconda.org/conda-forge/linux-64/ld_impl_linux-64-2.35.1-hed1e6ac_0.tar.bz2#d0cf77c331382475133dc6c34e7461d7
https://conda.anaconda.org/conda-forge/linux-64/libgfortran5-9.3.0-he4bcb1c_17.tar.bz2#0c15349375fc3d0cb2114fcabe2f0aba
https://conda.anaconda.org/conda-forge/linux-64/libstdcxx-ng-9.3.0-h2ae2ef3_17.tar.bz2#342f3c931d0a3a209ab09a522469d20c
https://conda.anaconda.org/conda-forge/linux-64/llvm-openmp-11.0.0-hfc4b9b4_1.tar.bz2#5867a5b3381754759e3943b1744c339c
https://conda.anaconda.org/conda-forge/linux-64/mysql-common-8.0.21-2.tar.bz2#96f3f7d5ae9784774cd5eb553cdf1ba7
https://conda.anaconda.org/conda-forge/linux-64/pandoc-2.11.2-h36c2ea0_0.tar.bz2#a0f3b9a8abf73111682fb0c3124c25ec
https://conda.anaconda.org/conda-forge/linux-64/_openmp_mutex-4.5-1_llvm.tar.bz2#fa8d764c883a53d22ce622bea830c818
https://conda.anaconda.org/conda-forge/linux-64/libgfortran-ng-9.3.0-he4bcb1c_17.tar.bz2#f92019e2b944dc3e5d33d0efba4a3461
https://conda.anaconda.org/conda-forge/linux-64/libgcc-ng-9.3.0-h5dbcf3e_17.tar.bz2#fc9f5adabc4d55cd4b491332adc413e0
https://conda.anaconda.org/conda-forge/linux-64/mkl-2020.4-h726a3e6_304.tar.bz2#b9b35a50e5377b19da6ec0709ae77fc3
https://conda.anaconda.org/conda-forge/linux-64/blosc-1.20.1-h9c3ff4c_0.tar.bz2#75111c9e554ad3fdabb020abe8522a3e
https://conda.anaconda.org/conda-forge/linux-64/brotli-1.0.9-he1b5a44_3.tar.bz2#beb60bfce044942381b5b11fec60bc4b
https://conda.anaconda.org/conda-forge/linux-64/bzip2-1.0.8-h7f98852_4.tar.bz2#a1fd65c7ccbf10880423d82bca54eb54
https://conda.anaconda.org/conda-forge/linux-64/c-ares-1.17.1-h36c2ea0_0.tar.bz2#1aa683618a2df66800d568409d6841d1
https://conda.anaconda.org/conda-forge/linux-64/charls-2.1.0-h9c3ff4c_2.tar.bz2#1e10e999ff8f723e493469fae30d1689
https://conda.anaconda.org/conda-forge/linux-64/double-conversion-3.1.5-he1b5a44_2.tar.bz2#5cf68ff9f8ec34254734de2b7023fd88
https://conda.anaconda.org/conda-forge/linux-64/expat-2.2.9-he1b5a44_2.tar.bz2#285f5b5ca3209d492224935affd00aab
https://conda.anaconda.org/conda-forge/linux-64/giflib-5.2.1-h36c2ea0_2.tar.bz2#626e68ae9cc5912d6adb79d318cf962d
https://conda.anaconda.org/conda-forge/linux-64/gmp-6.2.1-h58526e2_0.tar.bz2#b94cf2db16066b242ebd26db2facbd56
https://conda.anaconda.org/conda-forge/linux-64/icu-67.1-he1b5a44_0.tar.bz2#7ced6a5e5c94726af797d2b5a2b09228
https://conda.anaconda.org/conda-forge/linux-64/jpeg-9d-h36c2ea0_0.tar.bz2#ea02ce6037dbe81803ae6123e5ba1568
https://conda.anaconda.org/conda-forge/linux-64/jsoncpp-1.8.4-hc9558a2_1002.tar.bz2#537e534c07b09a7409e71934878d25fd
https://conda.anaconda.org/conda-forge/linux-64/jxrlib-1.1-h7f98852_2.tar.bz2#8e787b08fe19986d99d034b839df2961
https://conda.anaconda.org/conda-forge/linux-64/lerc-2.2-h9c3ff4c_0.tar.bz2#386a61084bf5def678db4f9ba5a95f6f
https://conda.anaconda.org/conda-forge/linux-64/libaec-1.0.4-h9c3ff4c_1.tar.bz2#90dbd3066828b76fa810578e49cef920
https://conda.anaconda.org/conda-forge/linux-64/libev-4.33-h516909a_1.tar.bz2#6f8720dff19e17ce5d48cfe7f3d2f0a3
https://conda.anaconda.org/conda-forge/linux-64/libffi-3.2.1-he1b5a44_1007.tar.bz2#11389072d7d6036fd811c3d9460475cd
