# platform: linux-64
# env_hash: da65f783ebf511da1702c8de1801032012a9574da57eeb39060546d3d182d4a0
@EXPLICIT
https://conda.anaconda.org/conda-forge/linux-64/_libgcc_mutex-0.1-conda_forge.tar.bz2#d7c89558ba9fa0495403155b64376d81
https://conda.anaconda.org/conda-forge/linux-64/ca-certificates-2020.12.5-ha878542_0.tar.bz2#7eb5d4ffeee663caa1635cd67071bc1b
https://conda.anaconda.org/conda-forge/linux-64/ld_impl_linux-64-2.35.1-hed1e6ac_0.tar.bz2#d0cf77c331382475133dc6c34e7461d7
https://conda.anaconda.org/conda-forge/linux-64/libgfortran5-9.3.0-he4bcb1c_17.tar.bz2#0c15349375fc3d0cb2114fcabe2f0aba
https://conda.anaconda.org/conda-forge/linux-64/libstdcxx-ng-9.3.0-h2ae2ef3_17.tar.bz2#342f3c931d0a3a209ab09a522469d20c
https://conda.anaconda.org/conda-forge/linux-64/llvm-openmp-11.0.0-hfc4b9b4_1.tar.bz2#5867a5b3381754759e3943b1744c339c
https://conda.anaconda.org/conda-forge/linux-64/mysql-common-8.0.21-2.tar.bz2#96f3f7d5ae9784774cd5eb553cdf1ba7
https://conda.anaconda.org/conda-forge/linux-64/pandoc-2.11.2-h36c2ea0_0.tar.bz2#a0f3b9a8abf73111682fb0c3124c25ec
