# platform: linux-64
# env_hash: da65f783ebf511da1702c8de1801032012a9574da57eeb39060546d3d182d4a0
@EXPLICIT
https://conda.anaconda.org/conda-forge/linux-64/_libgcc_mutex-0.1-conda_forge.tar.bz2#d7c89558ba9fa0495403155b64376d81
https://conda.anaconda.org/conda-forge/linux-64/ca-certificates-2020.12.5-ha878542_0.tar.bz2#7eb5d4ffeee663caa1635cd67071bc1b
https://conda.anaconda.org/conda-forge/linux-64/ld_impl_linux-64-2.35.1-hea4e1c9_2.tar.bz2#83610dba766a186bdc7a116053b782a4
https://conda.anaconda.org/conda-forge/linux-64/libgfortran5-9.3.0-hff62375_18.tar.bz2#86a1cade1bc2b99a6419ba980f730bff
https://conda.anaconda.org/conda-forge/linux-64/libstdcxx-ng-9.3.0-h6de172a_18.tar.bz2#2f03cd1e5c966d4af5822c7ae089ab03
https://conda.anaconda.org/conda-forge/linux-64/llvm-openmp-11.1.0-h4bd325d_0.tar.bz2#3df9e6f1906eb2efea525936ed4dc1fb
https://conda.anaconda.org/conda-forge/linux-64/mysql-common-8.0.23-ha770c72_1.tar.bz2#288ac4404aff60a4ba6812a5ab66d505
https://conda.anaconda.org/conda-forge/linux-64/pandoc-2.12-h7f98852_0.tar.bz2#21d4ae04f0c60b1e1150ded8ac24b4c2
https://conda.anaconda.org/conda-forge/linux-64/_openmp_mutex-4.5-1_llvm.tar.bz2#fa8d764c883a53d22ce622bea830c818
https://conda.anaconda.org/conda-forge/linux-64/libgfortran-ng-9.3.0-hff62375_18.tar.bz2#db417845fae12a62b6720f09f51ab6a7
https://conda.anaconda.org/conda-forge/linux-64/libgcc-ng-9.3.0-h2828fa1_18.tar.bz2#5a9490c49a3505a6d19bda012cde6ad3
https://conda.anaconda.org/conda-forge/linux-64/mkl-2020.4-h726a3e6_304.tar.bz2#b9b35a50e5377b19da6ec0709ae77fc3
https://conda.anaconda.org/conda-forge/linux-64/blosc-1.21.0-h9c3ff4c_0.tar.bz2#5e815e5126c6f7e34ab4496fa1b48dca
https://conda.anaconda.org/conda-forge/linux-64/brotli-1.0.9-h9c3ff4c_4.tar.bz2#f4f75dc7038aaeb6eaae16a5ef5350b3
https://conda.anaconda.org/conda-forge/linux-64/bzip2-1.0.8-h7f98852_4.tar.bz2#a1fd65c7ccbf10880423d82bca54eb54
https://conda.anaconda.org/conda-forge/linux-64/c-ares-1.17.1-h7f98852_1.tar.bz2#ed1dc233ed5e3eaa9bfbaac64d130c5e
https://conda.anaconda.org/conda-forge/linux-64/charls-2.2.0-h9c3ff4c_0.tar.bz2#bc0a1a5c99af57d2821914ab074797f9
https://conda.anaconda.org/conda-forge/linux-64/double-conversion-3.1.5-he1b5a44_2.tar.bz2#5cf68ff9f8ec34254734de2b7023fd88
https://conda.anaconda.org/conda-forge/linux-64/expat-2.3.0-h9c3ff4c_0.tar.bz2#1fb8f0254eb78a2a0c120155e1b1a207
https://conda.anaconda.org/conda-forge/linux-64/giflib-5.2.1-h36c2ea0_2.tar.bz2#626e68ae9cc5912d6adb79d318cf962d
https://conda.anaconda.org/conda-forge/linux-64/gmp-6.2.1-h58526e2_0.tar.bz2#b94cf2db16066b242ebd26db2facbd56
https://conda.anaconda.org/conda-forge/linux-64/icu-68.1-h58526e2_0.tar.bz2#fc7a4271dc2a7f4fd78cd63695baf7c3
https://conda.anaconda.org/conda-forge/linux-64/jpeg-9d-h36c2ea0_0.tar.bz2#ea02ce6037dbe81803ae6123e5ba1568
https://conda.anaconda.org/conda-forge/linux-64/jsoncpp-1.9.4-h4bd325d_1.tar.bz2#f5e6d6dae3156c53a7650f4c60d93a21
https://conda.anaconda.org/conda-forge/linux-64/jxrlib-1.1-h7f98852_2.tar.bz2#8e787b08fe19986d99d034b839df2961
https://conda.anaconda.org/conda-forge/linux-64/lerc-2.2.1-h9c3ff4c_0.tar.bz2#ea833dcaeb9e7ac4fac521f1a7abec82
https://conda.anaconda.org/conda-forge/linux-64/libaec-1.0.4-h9c3ff4c_1.tar.bz2#90dbd3066828b76fa810578e49cef920
https://conda.anaconda.org/conda-forge/linux-64/libdeflate-1.7-h7f98852_5.tar.bz2#10e242842cd30c59c12d79371dc0f583
https://conda.anaconda.org/conda-forge/linux-64/libev-4.33-h516909a_1.tar.bz2#6f8720dff19e17ce5d48cfe7f3d2f0a3
https://conda.anaconda.org/conda-forge/linux-64/libffi-3.3-h58526e2_2.tar.bz2#665369991d8dd290ac5ee92fce3e6bf5
https://conda.anaconda.org/conda-forge/linux-64/libglu-9.0.0-he1b5a44_1001.tar.bz2#8208602aec4826053c116552369a394c
https://conda.anaconda.org/conda-forge/linux-64/libiconv-1.16-h516909a_0.tar.bz2#5c0f338a513a2943c659ae619fca9211
https://conda.anaconda.org/conda-forge/linux-64/libogg-1.3.4-h7f98852_1.tar.bz2#6e8cc2173440d77708196c5b93771680
https://conda.anaconda.org/conda-forge/linux-64/libopenblas-0.3.12-pthreads_h4812303_1.tar.bz2#2c7126a584f05e7bc8885d64dad3d21a
https://conda.anaconda.org/conda-forge/linux-64/libsodium-1.0.18-h36c2ea0_1.tar.bz2#c3788462a6fbddafdb413a9f9053e58d
https://conda.anaconda.org/conda-forge/linux-64/libuuid-2.32.1-h7f98852_1000.tar.bz2#772d69f030955d9646d3d0eaf21d859d
https://conda.anaconda.org/conda-forge/linux-64/libwebp-base-1.2.0-h7f98852_2.tar.bz2#fb63a035a3b552c88a30d84b89ebf4c4
https://conda.anaconda.org/conda-forge/linux-64/libzopfli-1.0.3-h9c3ff4c_0.tar.bz2#c66fe2d123249af7651ebde8984c51c2
https://conda.anaconda.org/conda-forge/linux-64/lz4-c-1.9.3-h9c3ff4c_0.tar.bz2#4eb64ee0d5cd43096ffcf843c76b05d4
https://conda.anaconda.org/conda-forge/linux-64/ncurses-6.2-h58526e2_4.tar.bz2#509f2a21c4a09214cd737a480dfd80c9
https://conda.anaconda.org/conda-forge/linux-64/nspr-4.30-h9c3ff4c_0.tar.bz2#e6dc1f8f6e0bcebe8e3d8a5bca258dbe
https://conda.anaconda.org/conda-forge/linux-64/openssl-1.1.1k-h7f98852_0.tar.bz2#07fae2cb088379c8441e0f3ffa1f4025
https://conda.anaconda.org/conda-forge/linux-64/pcre-8.44-he1b5a44_0.tar.bz2#e647d89cd5cdf62760cf283a001841ff
https://conda.anaconda.org/conda-forge/linux-64/pthread-stubs-0.4-h36c2ea0_1001.tar.bz2#22dad4df6e8630e8dff2428f6f6a7036
https://conda.anaconda.org/conda-forge/linux-64/pugixml-1.11.4-h9c3ff4c_0.tar.bz2#3b6d9e8331a6d0b93f66fa1ead8dffb6
https://conda.anaconda.org/conda-forge/linux-64/snappy-1.1.8-he1b5a44_3.tar.bz2#83f1dc295c711bdbaf97e1f3bedf2f52
https://conda.anaconda.org/conda-forge/linux-64/xorg-kbproto-1.0.7-h7f98852_1002.tar.bz2#4b230e8381279d76131116660f5a241a
https://conda.anaconda.org/conda-forge/linux-64/xorg-libxau-1.0.9-h7f98852_0.tar.bz2#bf6f803a544f26ebbdc3bfff272eb179
https://conda.anaconda.org/conda-forge/linux-64/xorg-libxdmcp-1.1.3-h7f98852_0.tar.bz2#be93aabceefa2fac576e971aef407908
https://conda.anaconda.org/conda-forge/linux-64/xorg-xextproto-7.3.0-h7f98852_1002.tar.bz2#1e15f6ad85a7d743a2ac68dae6c82b98
https://conda.anaconda.org/conda-forge/linux-64/xorg-xproto-7.0.31-h7f98852_1007.tar.bz2#b4a4381d54784606820704f7b5f05a15
https://conda.anaconda.org/conda-forge/linux-64/xz-5.2.5-h516909a_1.tar.bz2#33f601066901f3e1a85af3522a8113f9
https://conda.anaconda.org/conda-forge/linux-64/yaml-0.2.5-h516909a_0.tar.bz2#03a530e925414902547cf48da7756db8
https://conda.anaconda.org/conda-forge/linux-64/zfp-0.5.5-h9c3ff4c_4.tar.bz2#d93d7bb8ec66c5530ee3b6b4ec52b354
https://conda.anaconda.org/conda-forge/linux-64/zlib-1.2.11-h516909a_1010.tar.bz2#339cc5584e6d26bc73a875ba900028c3
https://conda.anaconda.org/conda-forge/linux-64/brunsli-0.1-h9c3ff4c_0.tar.bz2#c1ac6229d0bfd14f8354ff9ad2a26cad
https://conda.anaconda.org/conda-forge/linux-64/gettext-0.19.8.1-h0b5b191_1005.tar.bz2#ff6f69b593a9e74c0e6b61908ac513fa
https://conda.anaconda.org/conda-forge/linux-64/hdf4-4.2.13-h10796ff_1004.tar.bz2#aa1b96c7801b4876bb40f46f4d519836
https://conda.anaconda.org/conda-forge/linux-64/libblas-3.9.0-8_openblas.tar.bz2#95cee6371a5b901797075040941171f3
https://conda.anaconda.org/conda-forge/linux-64/libedit-3.1.20191231-he28a2e2_2.tar.bz2#4d331e44109e3f0e19b4cb8f9b82f3e1
https://conda.anaconda.org/conda-forge/linux-64/libevent-2.1.10-hcdb4288_3.tar.bz2#d8f51405997093ff1799ded7650439c4
https://conda.anaconda.org/conda-forge/linux-64/libllvm10-10.0.1-he513fc3_3.tar.bz2#b1c57947b2a9231e0cd037ab0ed96b5d
https://conda.anaconda.org/conda-forge/linux-64/libllvm11-11.1.0-hf817b99_0.tar.bz2#4d61301a5098fa6dcc2b83c80f7f70f9
https://conda.anaconda.org/conda-forge/linux-64/libnghttp2-1.43.0-h812cca2_0.tar.bz2#1867d1e9658596b3fac8847a7702eef4
https://conda.anaconda.org/conda-forge/linux-64/libpng-1.6.37-h21135ba_2.tar.bz2#b6acf807307d033d4b7e758b4f44b036
https://conda.anaconda.org/conda-forge/linux-64/libprotobuf-3.15.6-h780b84a_0.tar.bz2#76a5ad1e4a370df9c1ec15fa9d86e2a5
https://conda.anaconda.org/conda-forge/linux-64/libssh2-1.9.0-ha56f1ee_6.tar.bz2#f0dfb86444df325e599dbc3f4c0a3f5b
https://conda.anaconda.org/conda-forge/linux-64/libvorbis-1.3.7-h9c3ff4c_0.tar.bz2#309dec04b70a3cc0f1e84a4013683bc0
https://conda.anaconda.org/conda-forge/linux-64/libxcb-1.13-h7f98852_1003.tar.bz2#a9371e9e40aded194dcba1447606c9a1
https://conda.anaconda.org/conda-forge/linux-64/libxml2-2.9.10-h72842e0_3.tar.bz2#5ed2c4742d5f1141783f484fe8974ccf
https://conda.anaconda.org/conda-forge/linux-64/mpfr-4.0.2-he80fd80_1.tar.bz2#36b97844b2c0121c7913c64313f985f0
https://conda.anaconda.org/conda-forge/linux-64/readline-8.0-he28a2e2_2.tar.bz2#4d0ae8d473f863696088f76800ef9d38
https://conda.anaconda.org/conda-forge/linux-64/tk-8.6.10-h21135ba_1.tar.bz2#c647f70aa7e3d4cc4e029cc1c9a99953
https://conda.anaconda.org/conda-forge/linux-64/zeromq-4.3.4-h9c3ff4c_0.tar.bz2#9105c7da67ebfb39ff08e2a8ea72bb71
https://conda.anaconda.org/conda-forge/linux-64/zstd-1.4.9-ha95c52a_0.tar.bz2#b481dc9fda3af2a681d08a4d5cd1ea0b
https://conda.anaconda.org/conda-forge/linux-64/freetype-2.10.4-h0708190_1.tar.bz2#4a06f2ac2e5bfae7b6b245171c3f07aa
https://conda.anaconda.org/conda-forge/linux-64/gl2ps-1.4.2-h0708190_0.tar.bz2#438718bf8921ac70956d919d0e2cc487
https://conda.anaconda.org/conda-forge/linux-64/krb5-1.17.2-h926e7f8_0.tar.bz2#926325c11478d6e781e76072c117763b
https://conda.anaconda.org/conda-forge/linux-64/libcblas-3.9.0-8_openblas.tar.bz2#d8e2151683bc12acffedea26eba27e0f
https://conda.anaconda.org/conda-forge/linux-64/libclang-11.1.0-default_ha53f305_0.tar.bz2#b7bc364d3ecf51443d48e14f87d784de
https://conda.anaconda.org/conda-forge/linux-64/libglib-2.68.0-h3e27bee_2.tar.bz2#a4d88d94d362430fd5c2bec54b8eb997
https://conda.anaconda.org/conda-forge/linux-64/liblapack-3.9.0-8_openblas.tar.bz2#9a860887c77e923c2807c715a7731fb8
https://conda.anaconda.org/conda-forge/linux-64/libtheora-1.1.1-h516909a_1004.tar.bz2#c3107718075b814ea81192f0770eaffc
https://conda.anaconda.org/conda-forge/linux-64/libtiff-4.2.0-hdc55705_0.tar.bz2#f1406324f1d02fa26447a0a0f2dd0107
https://conda.anaconda.org/conda-forge/linux-64/libxkbcommon-1.0.3-he3ba5ed_0.tar.bz2#f9dbabc7e01c459ed7a1d1d64b206e9b
https://conda.anaconda.org/conda-forge/linux-64/mpc-1.1.0-h04dde30_1009.tar.bz2#04a83b86c244fd8fe557a24e50b0028e
https://conda.anaconda.org/conda-forge/linux-64/mysql-libs-8.0.23-h935591d_1.tar.bz2#fd60f20b38b7194aa91262fdbd3ef134
https://conda.anaconda.org/conda-forge/linux-64/sqlite-3.35.3-h74cdb3f_0.tar.bz2#5853e26358e932de1c059b449091d9d9
https://conda.anaconda.org/conda-forge/linux-64/xorg-libx11-1.7.0-h7f98852_0.tar.bz2#0cd07abd75b2fad023161c657524ddbd
https://conda.anaconda.org/conda-forge/linux-64/fontconfig-2.13.1-hba837de_1004.tar.bz2#bbe61e6ae39440dd101d77bf80ffc2cd
https://conda.anaconda.org/conda-forge/linux-64/glib-tools-2.68.0-h9c3ff4c_2.tar.bz2#2f2f589461c8adfe1a2cc384c60e0458
https://conda.anaconda.org/conda-forge/linux-64/gstreamer-1.18.4-h76c114f_0.tar.bz2#8b55c71895bce3ea0beb5bf907840bb2
https://conda.anaconda.org/conda-forge/linux-64/lcms2-2.12-hddcbb42_0.tar.bz2#797117394a4aa588de6d741b06fad80f
https://conda.anaconda.org/conda-forge/linux-64/libcurl-7.75.0-hc4aaa36_0.tar.bz2#7283260c001a5f62d831b6c660c5afe7
https://conda.anaconda.org/conda-forge/linux-64/libpq-13.1-hfd2b0eb_2.tar.bz2#d41b032f8940757263340b0918e62682
https://conda.anaconda.org/conda-forge/linux-64/nss-3.63-hb5efdd6_0.tar.bz2#f7c6c9299233162f3fb1f8d75aa5ae99
https://conda.anaconda.org/conda-forge/linux-64/openjpeg-2.4.0-hf7af979_0.tar.bz2#f677c4652b03ed5d1352bf976be7192c
https://conda.anaconda.org/conda-forge/linux-64/python-3.8.8-hffdb5ce_0_cpython.tar.bz2#da5f00968a732f5da324fff565909a05
https://conda.anaconda.org/conda-forge/linux-64/xorg-libxext-1.3.4-h7f98852_1.tar.bz2#536cc5db4d0a3ba0630541aec064b5e4
https://conda.anaconda.org/conda-forge/noarch/apipkg-1.5-py_0.tar.bz2#4e79696efff4eae6cbcbeddbb5bbb5ee
https://conda.anaconda.org/conda-forge/noarch/appdirs-1.4.4-pyh9f0ad1d_0.tar.bz2#5f095bc6454094e96f146491fd03633b
https://conda.anaconda.org/conda-forge/noarch/array_split-0.5.2-pyh95af2a2_0.tar.bz2#63dbfd2117015403fd4b51dd361b0d17
https://conda.anaconda.org/conda-forge/noarch/async_generator-1.10-py_0.tar.bz2#d56c596e61b1c4952acf0a9920856c12
https://conda.anaconda.org/conda-forge/noarch/attrs-20.3.0-pyhd3deb0d_0.tar.bz2#5b319abb055eefcfa344bc21378ca23f
https://conda.anaconda.org/conda-forge/noarch/backcall-0.2.0-pyh9f0ad1d_0.tar.bz2#6006a6d08a3fa99268a2681c7fb55213
https://conda.anaconda.org/conda-forge/noarch/backports-1.0-py_2.tar.bz2#0da16b293affa6ac31812376f8eb79dd
https://conda.anaconda.org/conda-forge/noarch/cached_property-1.5.2-pyha770c72_1.tar.bz2#576d629e47797577ab0f1b351297ef4a
https://conda.anaconda.org/conda-forge/noarch/click-7.1.2-pyh9f0ad1d_0.tar.bz2#bd50a970ce07e660c319fdc4d730d3f1
https://conda.anaconda.org/conda-forge/noarch/cloudpickle-1.6.0-py_0.tar.bz2#76d764d8881719e305f6fa368dc2b65e
https://conda.anaconda.org/conda-forge/noarch/colorama-0.4.4-pyh9f0ad1d_0.tar.bz2#c08b4c1326b880ed44f3ffb04803332f
https://conda.anaconda.org/conda-forge/noarch/constantly-15.1.0-py_0.tar.bz2#6cc019fc01a1e9ea7eb0bfccfc6c9d2d
https://conda.anaconda.org/conda-forge/linux-64/curl-7.75.0-h979ede3_0.tar.bz2#39afe69f0df2dbdc81663666e0559bf8
https://conda.anaconda.org/conda-forge/noarch/decorator-4.4.2-py_0.tar.bz2#d2eabb9cabd212e1ec6a9463bd846243
https://conda.anaconda.org/conda-forge/noarch/defusedxml-0.7.1-pyhd8ed1ab_0.tar.bz2#961b3a227b437d82ad7054484cfa71b2
https://conda.anaconda.org/conda-forge/noarch/entrypoints-0.3-pyhd8ed1ab_1003.tar.bz2#bbf9a201f6ce99a506f4955374d9a9f4
https://conda.anaconda.org/conda-forge/noarch/flatdict-4.0.1-pyh9f0ad1d_0.tar.bz2#3df3b7f4ed0149076b87bfd23ceb63ea
https://conda.anaconda.org/conda-forge/noarch/fsspec-0.8.7-pyhd8ed1ab_0.tar.bz2#b93ab5a4692ba685b455f0e8e5dc93e4
https://conda.anaconda.org/conda-forge/linux-64/glew-2.1.0-h9c3ff4c_2.tar.bz2#fb05eb5c47590b247658243d27fc32f1
https://conda.anaconda.org/conda-forge/linux-64/glib-2.68.0-h9c3ff4c_2.tar.bz2#ba6d5a0b7d89bc34840523c33e4c9dff
https://conda.anaconda.org/conda-forge/linux-64/gst-plugins-base-1.18.4-h29181c9_0.tar.bz2#941e30272d811e5e78eb6060b4e406d1
https://conda.anaconda.org/conda-forge/linux-64/hdf5-1.10.6-nompi_h6a2412b_1114.tar.bz2#0a2984b78f51148d7ff6219abe73509e
https://conda.anaconda.org/conda-forge/noarch/heapdict-1.0.1-py_0.tar.bz2#77242bfb1e74a627fb06319b5a2d3b95
https://conda.anaconda.org/conda-forge/noarch/idna-2.10-pyh9f0ad1d_0.tar.bz2#f95a12b4f435aae6680fe55ae2eb1b06
https://conda.anaconda.org/conda-forge/noarch/incremental-17.5.0-py_0.tar.bz2#893135cf399e206eaa192e437a61bef9
https://conda.anaconda.org/conda-forge/noarch/iniconfig-1.1.1-pyh9f0ad1d_0.tar.bz2#39161f81cc5e5ca45b8226fbb06c6905
https://conda.anaconda.org/conda-forge/noarch/ipython_genutils-0.2.0-py_1.tar.bz2#5071c982548b3a20caf70462f04f5287
https://conda.anaconda.org/conda-forge/noarch/jupyterlab_widgets-1.0.0-pyhd8ed1ab_1.tar.bz2#f8da92114c8fbe1d951b0efaf54dd14b
https://conda.anaconda.org/conda-forge/noarch/locket-0.2.0-py_2.tar.bz2#709e8671651c7ec3d1ad07800339ff1d
https://conda.anaconda.org/conda-forge/noarch/more-itertools-8.7.0-pyhd8ed1ab_0.tar.bz2#3be1ba5a28d394d78f3d692fb9e5c1c2
https://conda.anaconda.org/conda-forge/noarch/mpmath-1.2.1-pyhd8ed1ab_0.tar.bz2#9b06ebbd24f7c60ba5a29117c528514e
https://conda.anaconda.org/conda-forge/noarch/nest-asyncio-1.4.3-pyhd8ed1ab_0.tar.bz2#a1f2fda4d88c624810bf2029aa4c0827
https://conda.anaconda.org/conda-forge/noarch/olefile-0.46-pyh9f0ad1d_1.tar.bz2#0b2e68acc8c78c8cc392b90983481f58
https://conda.anaconda.org/conda-forge/noarch/pandocfilters-1.4.2-py_1.tar.bz2#ba6f4a308f1ea22abe1d72e72544af76
https://conda.anaconda.org/conda-forge/noarch/parso-0.8.1-pyhd8ed1ab_0.tar.bz2#8b0a19d867a59005c1ae631d61a12194
https://conda.anaconda.org/conda-forge/noarch/pickleshare-0.7.5-py_1003.tar.bz2#415f0ebb6198cc2801c73438a9fb5761
https://conda.anaconda.org/conda-forge/noarch/prometheus_client-0.9.0-pyhd3deb0d_0.tar.bz2#c7af95daf5bae22ead34151e0ab9d041
https://conda.anaconda.org/conda-forge/noarch/ptyprocess-0.7.0-pyhd3deb0d_0.tar.bz2#359eeb6536da0e687af562ed265ec263
https://conda.anaconda.org/conda-forge/noarch/py-1.10.0-pyhd3deb0d_0.tar.bz2#88ca1328ecc79a070214aa24911bace8
https://conda.anaconda.org/conda-forge/noarch/pyasn1-0.4.8-py_0.tar.bz2#06d04c9f8f72ac77911db942eda24fb9
https://conda.anaconda.org/conda-forge/noarch/pycodestyle-2.7.0-pyhd8ed1ab_0.tar.bz2#0234673eb2ecfbdf4e54574ab4d95f81
https://conda.anaconda.org/conda-forge/noarch/pycparser-2.20-pyh9f0ad1d_2.tar.bz2#aa798d50ffd182a0f6f31478c7f434f6
https://conda.anaconda.org/conda-forge/noarch/pyhamcrest-2.0.2-py_0.tar.bz2#008bcb771d03dcd79b3585fa483d144f
https://conda.anaconda.org/conda-forge/noarch/pyparsing-2.4.7-pyh9f0ad1d_0.tar.bz2#626c4f20d5bf06dcec9cf2eaa31725c7
https://conda.anaconda.org/conda-forge/linux-64/python_abi-3.8-1_cp38.tar.bz2#8d05152d6fb3012b27a0e6fbcc14bea1
https://conda.anaconda.org/conda-forge/noarch/pytz-2021.1-pyhd8ed1ab_0.tar.bz2#3af2e9424d5eb0063824a3f9b850d411
https://conda.anaconda.org/conda-forge/noarch/qtpy-1.9.0-py_0.tar.bz2#ab75b0ea90d2621e1924b824e2f395ee
https://conda.anaconda.org/conda-forge/noarch/send2trash-1.5.0-py_0.tar.bz2#c3779037a635e1150f1c53c28b875949
https://conda.anaconda.org/conda-forge/noarch/six-1.15.0-pyh9f0ad1d_0.tar.bz2#1eec421f0f1f39e579e44e4a5ce646a2
https://conda.anaconda.org/conda-forge/noarch/smmap-3.0.5-pyh44b312d_0.tar.bz2#3a8dc70789709aa315325d5df06fb7e4
https://conda.anaconda.org/conda-forge/noarch/sortedcontainers-2.3.0-pyhd8ed1ab_0.tar.bz2#2f5b87cd0bdf1822b62e40909f471db4
https://conda.anaconda.org/conda-forge/noarch/tblib-1.7.0-pyhd8ed1ab_0.tar.bz2#3d4afc31302aa7be471feb6be048ed76
https://conda.anaconda.org/conda-forge/noarch/termcolor-1.1.0-py_2.tar.bz2#c7fd66fedfff76bfe477c6f33c96d83a
https://conda.anaconda.org/conda-forge/noarch/testpath-0.4.4-py_0.tar.bz2#3b98fff4d5342bebde2ecaa314f796f9
https://conda.anaconda.org/conda-forge/noarch/toml-0.10.2-pyhd8ed1ab_0.tar.bz2#f832c45a477c78bebd107098db465095
https://conda.anaconda.org/conda-forge/noarch/toolz-0.11.1-py_0.tar.bz2#d1e66b58cb00b3817ad9f05eec098c00
https://conda.anaconda.org/conda-forge/noarch/tqdm-4.59.0-pyhd8ed1ab_0.tar.bz2#9ae6fb908a7f989e59a02fef85a5fd6f
https://conda.anaconda.org/conda-forge/noarch/typing_extensions-3.7.4.3-py_0.tar.bz2#12b96e382730541a4b332420227055ae
https://conda.anaconda.org/conda-forge/noarch/webencodings-0.5.1-py_1.tar.bz2#3563be4c5611a44210d9ba0c16113136
https://conda.anaconda.org/conda-forge/noarch/wheel-0.36.2-pyhd3deb0d_0.tar.bz2#768bfbe026426d0e76b377997d1f2b98
https://conda.anaconda.org/conda-forge/noarch/zipp-3.4.1-pyhd8ed1ab_0.tar.bz2#a4fa30eb74a326092b3d8078b1f1aae1
https://conda.anaconda.org/conda-forge/noarch/automat-20.2.0-py_0.tar.bz2#0931a4f6f2a28ab4af8316027142a295
https://conda.anaconda.org/conda-forge/noarch/cached-property-1.5.2-hd8ed1ab_1.tar.bz2#9b347a7ec10940d3f7941ff6c460b551
https://conda.anaconda.org/conda-forge/linux-64/certifi-2020.12.5-py38h578d9bd_1.tar.bz2#be470d89b0678991fd4ba67d4a35bc80
https://conda.anaconda.org/conda-forge/linux-64/cffi-1.14.5-py38ha65f79e_0.tar.bz2#386057f231a571b75bfa7307c9acd5f6
https://conda.anaconda.org/conda-forge/linux-64/cgns-4.1.2-hf54d351_0.tar.bz2#a2e85844411be254997e8c0208a16d3e
https://conda.anaconda.org/conda-forge/linux-64/chardet-4.0.0-py38h578d9bd_1.tar.bz2#9294a5e2c7545a2f67ac348aadd53344
https://conda.anaconda.org/conda-forge/linux-64/coverage-5.5-py38h497a2fe_0.tar.bz2#23d521ba054caafe1f2d81a9cf8a6faf
https://conda.anaconda.org/conda-forge/noarch/cycler-0.10.0-py_2.tar.bz2#f6d7c7e6d8f42cbbec7e07a8d879f91c
https://conda.anaconda.org/conda-forge/linux-64/cytoolz-0.11.0-py38h497a2fe_3.tar.bz2#45568bae22c3825f22b631101ecbad35
https://conda.anaconda.org/conda-forge/linux-64/dbus-1.13.6-h48d8840_2.tar.bz2#eba672c69baf366fdedd1c6f702dbb81
https://conda.anaconda.org/conda-forge/noarch/docrep-0.3.2-pyh44b312d_0.tar.bz2#235523955bc1bfb019d7ec8a2bb58f9a
https://conda.anaconda.org/conda-forge/noarch/execnet-1.8.0-pyh44b312d_0.tar.bz2#b47fd30010f4f64d324d14b9a6e882ca
https://conda.anaconda.org/conda-forge/noarch/gitdb-4.0.7-pyhd8ed1ab_0.tar.bz2#12977b4cc317a6ee2939aedcb09a4898
https://conda.anaconda.org/conda-forge/linux-64/gmpy2-2.1.0b1-py38hd744826_1.tar.bz2#0e9034d585b0469856f7f5805e5697ba
https://conda.anaconda.org/conda-forge/noarch/hyperlink-21.0.0-pyhd3deb0d_0.tar.bz2#1303beb57b40f8f4ff6fb1bb23bf0553
https://conda.anaconda.org/conda-forge/linux-64/importlib-metadata-3.9.0-py38h578d9bd_0.tar.bz2#88a4918ef620e88fb47fd2e351bce1cd
https://conda.anaconda.org/conda-forge/linux-64/jedi-0.18.0-py38h578d9bd_2.tar.bz2#6911600fda608a76bcb58e562457c696
https://conda.anaconda.org/conda-forge/linux-64/kiwisolver-1.3.1-py38h1fd1430_1.tar.bz2#01488c80daae318ed5c17e7bb12af64e
https://conda.anaconda.org/conda-forge/linux-64/libnetcdf-4.7.4-nompi_h56d31a8_107.tar.bz2#ef3d349e818876a175de7d87bd6451df
https://conda.anaconda.org/conda-forge/linux-64/llvmlite-0.36.0-py38h4630a5e_0.tar.bz2#a805cb9a530a6524f7f832cce981fa0e
https://conda.anaconda.org/conda-forge/linux-64/markupsafe-1.1.1-py38h497a2fe_3.tar.bz2#d51cdb48d2792a63174c0ee66a602e7e
https://conda.anaconda.org/conda-forge/linux-64/mistune-0.8.4-py38h497a2fe_1003.tar.bz2#8faa27abe54325865c8082bd3d37b7cd
https://conda.anaconda.org/conda-forge/linux-64/mkl-service-2.3.0-py38h1e0a361_2.tar.bz2#7fbe577a8215f1b422534a7d03979e1b
https://conda.anaconda.org/conda-forge/linux-64/msgpack-python-1.0.2-py38h1fd1430_1.tar.bz2#5854c568e0d341313fb0a6487f1c687e
https://conda.anaconda.org/conda-forge/linux-64/numpy-1.20.2-py38h9894fe3_0.tar.bz2#d159afa37685037c73461e8f2fa22e50
https://conda.anaconda.org/conda-forge/noarch/packaging-20.9-pyh44b312d_0.tar.bz2#be69a38e912054a62dc82cc3c7711a64
https://conda.anaconda.org/conda-forge/noarch/partd-1.1.0-py_0.tar.bz2#4afbf2cdf4e6ad279080d3adb5cefaae
https://conda.anaconda.org/conda-forge/noarch/pexpect-4.8.0-pyh9f0ad1d_2.tar.bz2#5909e7b978141dd80d28dbf9de627827
https://conda.anaconda.org/conda-forge/linux-64/pillow-8.1.2-py38ha0e1e83_0.tar.bz2#f676657483318a24c9bbf10324dc9407
https://conda.anaconda.org/conda-forge/linux-64/pluggy-0.13.1-py38h578d9bd_4.tar.bz2#aa7cecc2200bf4109dbd7676b9213e30
https://conda.anaconda.org/conda-forge/linux-64/psutil-5.8.0-py38h497a2fe_1.tar.bz2#3c465545aa3cec37f8f1341546677956
https://conda.anaconda.org/conda-forge/noarch/pyasn1-modules-0.2.7-py_0.tar.bz2#ad1e886d09700b2304975335f714bd9c
https://conda.anaconda.org/conda-forge/linux-64/pyqt5-sip-4.19.18-py38h709712a_7.tar.bz2#e012838bbbe92f6a458c2584634830f1
https://conda.anaconda.org/conda-forge/linux-64/pyrsistent-0.17.3-py38h497a2fe_2.tar.bz2#239e9357764e43276e8e80e65535b46f
https://conda.anaconda.org/conda-forge/linux-64/pysocks-1.7.1-py38h578d9bd_3.tar.bz2#8284bab4783fd6fdd11b695958945614
https://conda.anaconda.org/conda-forge/noarch/python-dateutil-2.8.1-py_0.tar.bz2#0d0150ed9c2d25817f5324108d3f7571
https://conda.anaconda.org/conda-forge/noarch/python-utils-2.5.6-pyh44b312d_0.tar.bz2#fc1f229151e482f621adbe1b5a1bf9c6
https://conda.anaconda.org/conda-forge/linux-64/pyyaml-5.4.1-py38h497a2fe_0.tar.bz2#36d6e06148013694eb943576cd305f67
https://conda.anaconda.org/conda-forge/linux-64/pyzmq-22.0.3-py38h2035c66_1.tar.bz2#cb624b5ab0fee319a6b97a94850130e5
https://conda.anaconda.org/conda-forge/noarch/terminaltables-3.1.0-py_0.tar.bz2#4fc8bb7e1f4a025650b8bef923525345
https://conda.anaconda.org/conda-forge/linux-64/tornado-6.1-py38h497a2fe_1.tar.bz2#e772c8383768280af283e814e2126663
https://conda.anaconda.org/conda-forge/noarch/traitlets-5.0.5-py_0.tar.bz2#99618ee9ab1323e40f231acdab92fe60
https://conda.anaconda.org/conda-forge/noarch/zict-2.0.0-py_0.tar.bz2#4750152be22f24d695b3004c5e1712d3
https://conda.anaconda.org/conda-forge/linux-64/argon2-cffi-20.1.0-py38h497a2fe_2.tar.bz2#254bc9d931e9891ce1068eb0335700c1
https://conda.anaconda.org/conda-forge/linux-64/brotlipy-0.7.0-py38h497a2fe_1001.tar.bz2#56753dd777a6517b34966ddcb39af734
https://conda.anaconda.org/conda-forge/linux-64/cryptography-3.4.7-py38ha5dfef3_0.tar.bz2#a8b014aba670157256dabdc885f71af4
https://conda.anaconda.org/conda-forge/noarch/dask-core-2021.3.1-pyhd8ed1ab_0.tar.bz2#28fcfa771db34f97a9b67e50c981e61e
https://conda.anaconda.org/conda-forge/linux-64/edt-2.0.2-py38h82cb98a_0.tar.bz2#3e764958b2e76f58254b3982614f5785
https://conda.anaconda.org/conda-forge/noarch/gitpython-3.1.14-pyhd8ed1ab_0.tar.bz2#4dca4262c5376a85ce02c517dc385041
https://conda.anaconda.org/conda-forge/linux-64/h5py-3.1.0-nompi_py38hafa665b_100.tar.bz2#550f5817655c72e184df36588bb32e64
https://conda.anaconda.org/conda-forge/linux-64/imagecodecs-2021.1.28-py38h5b4e65a_0.tar.bz2#87208f44465ecc761728ed5dc3422b1e
https://conda.anaconda.org/conda-forge/noarch/imageio-2.9.0-py_0.tar.bz2#62ad9e579278e777d4abaa8c9312b6a7
https://conda.anaconda.org/conda-forge/linux-64/jupyter_core-4.7.1-py38h578d9bd_0.tar.bz2#3a30e19c8b7b5673fe98d92979757561
https://conda.anaconda.org/conda-forge/linux-64/numpy-stl-2.16.0-py38hb5d20a5_0.tar.bz2#f2fdbf12d61580ab6d9077f17e8442cd
https://conda.anaconda.org/conda-forge/linux-64/pandas-1.2.3-py38h51da96c_0.tar.bz2#2b1bbcf38f41addc45cef8cada1cdab9
https://conda.anaconda.org/conda-forge/noarch/pyevtk-1.2.0-pyh050c7b8_0.tar.bz2#d9fc1f22512d856ca0a8c4478d2e3845
https://conda.anaconda.org/conda-forge/linux-64/pytest-6.2.2-py38h578d9bd_0.tar.bz2#b95e7dad1d21a5a8b8e9adf7b43a68e8
https://conda.anaconda.org/conda-forge/linux-64/pywavelets-1.1.1-py38h5c078b8_3.tar.bz2#dafeef887e68bd18ec84681747ca0fd5
https://conda.anaconda.org/conda-forge/linux-64/qt-5.12.9-hda022c4_4.tar.bz2#afebab1f5049d66baaaec67d9ce893f0
https://conda.anaconda.org/conda-forge/linux-64/scipy-1.6.2-py38h7b17777_0.tar.bz2#e0be90ecf33b94ac3f407f1bf3c76de2
https://conda.anaconda.org/conda-forge/linux-64/setuptools-49.6.0-py38h578d9bd_3.tar.bz2#59c561cd1be0db9cf1c83f7d7cc74f4d
https://conda.anaconda.org/conda-forge/linux-64/sympy-1.7.1-py38h578d9bd_1.tar.bz2#e88647aa0e5284f4d9a7ab1f6bf2d8d9
https://conda.anaconda.org/conda-forge/linux-64/terminado-0.9.3-py38h578d9bd_0.tar.bz2#158ed8b72779e1fb12fbd7b3898aa2b7
https://conda.anaconda.org/conda-forge/noarch/transforms3d-0.3.1-py_0.tar.bz2#6da5577349701747d4241472f18a9e76
https://conda.anaconda.org/conda-forge/noarch/backports.functools_lru_cache-1.6.3-pyhd8ed1ab_0.tar.bz2#8eefe69ecfa022831387fa0d13126864
https://conda.anaconda.org/conda-forge/noarch/bleach-3.3.0-pyh44b312d_0.tar.bz2#abf6b76c39358ca36ca706c46f054f2a
https://conda.anaconda.org/conda-forge/linux-64/distributed-2021.3.1-py38h578d9bd_0.tar.bz2#dd14c94c27b89b50c22158107563fe1c
https://conda.anaconda.org/conda-forge/noarch/jinja2-2.11.3-pyh44b312d_0.tar.bz2#1d4c3605d85a3655b1595e0694138eb6
https://conda.anaconda.org/conda-forge/noarch/json_tricks-3.15.5-pyhd8ed1ab_0.tar.bz2#92ea408376b5a0b274b5ab636967297a
https://conda.anaconda.org/conda-forge/noarch/jsonschema-3.2.0-pyhd8ed1ab_3.tar.bz2#66125e28711d8ffc04a207a2b170316d
https://conda.anaconda.org/conda-forge/noarch/jupyter_client-6.1.12-pyhd8ed1ab_0.tar.bz2#f58b38ddb9f94fa3cafea4ba2b17f93b
https://conda.anaconda.org/conda-forge/linux-64/matplotlib-base-3.3.4-py38h0efea84_0.tar.bz2#9818b095ff2ddceadb7553b0d56d219f
https://conda.anaconda.org/conda-forge/noarch/networkx-2.5-py_0.tar.bz2#d836ad8453c22192357707026ca21653
https://conda.anaconda.org/conda-forge/linux-64/numba-0.53.1-py38h0e12cce_0.tar.bz2#446d623019e922c161cee34948c1eb06
https://conda.anaconda.org/conda-forge/noarch/pardiso4py-0.2.2-pyh9f0ad1d_0.tar.bz2#0ff32b5ac66a4481f4ac240be5afc493
https://conda.anaconda.org/conda-forge/noarch/pip-21.0.1-pyhd8ed1ab_0.tar.bz2#849477e10d78cbc283c78fd53bfbb567
https://conda.anaconda.org/conda-forge/linux-64/pyamg-4.0.0-py38hfc89cab_1004.tar.bz2#a465771b2bd91d410550c84417be4afa
https://conda.anaconda.org/conda-forge/noarch/pygments-2.8.1-pyhd8ed1ab_0.tar.bz2#196e0cff141677f430fc06eb0d0ad94d
https://conda.anaconda.org/conda-forge/noarch/pyopenssl-20.0.1-pyhd8ed1ab_0.tar.bz2#92371c25994d0f5d28a01c1fb75ebf86
https://conda.anaconda.org/conda-forge/linux-64/pyqt-impl-5.12.3-py38h7400c14_7.tar.bz2#8fe28c949b01e3d69c2b357b5abf3916
https://conda.anaconda.org/conda-forge/noarch/pytest-cache-1.0-py_2.tar.bz2#127d734543b5c04b1429dd402123308f
https://conda.anaconda.org/conda-forge/noarch/pytest-codestyle-2.0.1-py_0.tar.bz2#74135a4626e6c4bed80955c0adc4d8be
https://conda.anaconda.org/conda-forge/noarch/pytest-cov-2.11.1-pyh44b312d_0.tar.bz2#67e256d6c8a3082d3f29f8cefce17bbf
https://conda.anaconda.org/conda-forge/noarch/tifffile-2021.3.17-pyhd8ed1ab_0.tar.bz2#9cfba5e3844f16a1e270fb65f3207b17
https://conda.anaconda.org/conda-forge/linux-64/zope.interface-5.3.0-py38h497a2fe_0.tar.bz2#cb2e4145674c4b477277a92a0e9379ec
https://conda.anaconda.org/conda-forge/linux-64/bcrypt-3.2.0-py38h497a2fe_1.tar.bz2#80332716d56bcf147fecda0fa4b6c109
https://conda.anaconda.org/conda-forge/linux-64/bokeh-2.3.0-py38h578d9bd_0.tar.bz2#34a22638216ab89feae74536210540b7
https://conda.anaconda.org/conda-forge/noarch/jupyterlab_pygments-0.1.2-pyh9f0ad1d_0.tar.bz2#2cbd910890bb328e8959246a1e16fac7
https://conda.anaconda.org/conda-forge/noarch/nbformat-5.1.2-pyhd8ed1ab_1.tar.bz2#9633dbb668ac1f9266427672816899dc
https://conda.anaconda.org/conda-forge/linux-64/pyqtchart-5.12-py38h7400c14_7.tar.bz2#3003444b4f41742a33b7afdeb3260cbc
https://conda.anaconda.org/conda-forge/linux-64/pyqtwebengine-5.12.1-py38h7400c14_7.tar.bz2#1c17944e118b314ff4d0bfc05f03a5e1
https://conda.anaconda.org/conda-forge/noarch/service_identity-18.1.0-py_0.tar.bz2#bea53ad2212fa8f270c427bd40ce1fbd
https://conda.anaconda.org/conda-forge/noarch/urllib3-1.26.4-pyhd8ed1ab_0.tar.bz2#d7b20b328e23d993994ea02077c009c0
https://conda.anaconda.org/conda-forge/noarch/wcwidth-0.2.5-pyh9f0ad1d_2.tar.bz2#5266fcd697043c59621fda522b3d78ee
https://conda.anaconda.org/conda-forge/noarch/dask-2021.3.1-pyhd8ed1ab_0.tar.bz2#93e32203d35c5cb2427dec54184d1531
https://conda.anaconda.org/conda-forge/noarch/nbclient-0.5.3-pyhd8ed1ab_0.tar.bz2#67f12831640fde52fe9be1bbc6b699e7
https://conda.anaconda.org/conda-forge/noarch/prompt-toolkit-3.0.18-pyha770c72_0.tar.bz2#aa44d0f71016061e83df1126764acdb7
https://conda.anaconda.org/conda-forge/linux-64/pyqt-5.12.3-py38h578d9bd_7.tar.bz2#7166890c160d0441f59973a40b74f6e5
https://conda.anaconda.org/conda-forge/noarch/requests-2.25.1-pyhd3deb0d_0.tar.bz2#ae687aba31a1c400192a86a2e993ffdc
https://conda.anaconda.org/conda-forge/linux-64/twisted-21.2.0-py38h497a2fe_0.tar.bz2#21c3e5fa827fa9ffcecc4b0c498dd82c
https://conda.anaconda.org/conda-forge/noarch/codecov-2.1.11-pyhd3deb0d_0.tar.bz2#9c661c2c14b4667827218402e6624ad5
https://conda.anaconda.org/conda-forge/linux-64/ipython-7.22.0-py38hd0cf306_0.tar.bz2#2c0efbd100b9a0b26983f7dff4f9009d
https://conda.anaconda.org/conda-forge/linux-64/matplotlib-3.3.4-py38h578d9bd_0.tar.bz2#2ad11624aec829f58f86a231bbdf3990
https://conda.anaconda.org/conda-forge/linux-64/nbconvert-6.0.7-py38h578d9bd_3.tar.bz2#7d0922152b769b5489407f90e84562a6
https://conda.anaconda.org/conda-forge/linux-64/paraview-5.9.0-py38h2231e2c_2.tar.bz2#327a166eb7bf25878ae617a60705a26e
https://conda.anaconda.org/conda-forge/noarch/pooch-1.3.0-pyhd8ed1ab_0.tar.bz2#7041d42601fe3de878565ca84c952237
https://conda.anaconda.org/conda-forge/noarch/prompt_toolkit-3.0.18-hd8ed1ab_0.tar.bz2#a2b1b50584f941dbd88ea4ffabeddef6
https://conda.anaconda.org/conda-forge/linux-64/ipykernel-5.5.0-py38h81c977d_1.tar.bz2#323361acb699c5618085748fb7c34b12
https://conda.anaconda.org/conda-forge/linux-64/scikit-image-0.18.1-py38h51da96c_0.tar.bz2#b744b5ff5b3162802274e6d04d8c9047
https://conda.anaconda.org/conda-forge/noarch/jupyter_console-6.4.0-pyhd8ed1ab_0.tar.bz2#ee5895aebb8104e4e087f06aae64977a
https://conda.anaconda.org/conda-forge/noarch/nbval-0.9.6-pyh9f0ad1d_0.tar.bz2#b627e05284e7affc46b6e4878aa1d96b
https://conda.anaconda.org/conda-forge/linux-64/notebook-6.3.0-py38h578d9bd_0.tar.bz2#4adf7284501331a056f2d1a501570609
https://conda.anaconda.org/conda-forge/noarch/openpnm-2.7.0-pyhd8ed1ab_0.tar.bz2#28afe7f3388bd6a3d7eef0bd494a3325
https://conda.anaconda.org/conda-forge/noarch/qtconsole-5.0.3-pyhd8ed1ab_0.tar.bz2#d74bc9d96d4c84c1a319ae19b40c3310
https://conda.anaconda.org/conda-forge/linux-64/widgetsnbextension-3.5.1-py38h578d9bd_4.tar.bz2#beb8a105545382ba138c81c926289b5b
https://conda.anaconda.org/conda-forge/noarch/ipywidgets-7.6.3-pyhd3deb0d_0.tar.bz2#536a9ed6d9e740f2b83d1a3c388e4388
https://conda.anaconda.org/conda-forge/linux-64/jupyter-1.0.0-py38h578d9bd_6.tar.bz2#9079b9d7693348df32d9bd092d2393f8
