# Generated by conda-lock.
# platform: osx-64
# env_hash: 84300ff5013da304a61919f06fb7451928bf4c167b958442651eeb6faadc2b82
@EXPLICIT
https://conda.anaconda.org/conda-forge/osx-64/bzip2-1.0.8-h0d85af4_4.tar.bz2#37edc4e6304ca87316e160f5ca0bd1b5
https://conda.anaconda.org/conda-forge/osx-64/c-ares-1.17.1-h0d85af4_1.tar.bz2#786a1af1bc9194e43bb3a9e1ea0146ed
https://conda.anaconda.org/conda-forge/osx-64/ca-certificates-2021.5.30-h033912b_0.tar.bz2#2377a0c58b5ffe92d70b7bdcd833e8ff
https://conda.anaconda.org/conda-forge/osx-64/giflib-5.2.1-hbcb3906_2.tar.bz2#be8f747c37e4d7e346c133e641966750
https://conda.anaconda.org/conda-forge/osx-64/jpeg-9d-hbcb3906_0.tar.bz2#ff6fba028f282f94ceb10597d58a56e8
https://conda.anaconda.org/conda-forge/osx-64/jxrlib-1.1-h35c211d_2.tar.bz2#1c2379fd9d5d4ecb151231f6282e699d
https://conda.anaconda.org/conda-forge/osx-64/libbrotlicommon-1.0.9-h0d85af4_5.tar.bz2#6960869602b2c5c7846dcec3449990cc
https://conda.anaconda.org/conda-forge/osx-64/libcxx-12.0.1-habf9029_0.tar.bz2#49c188a7f9c7c9ddabafc80cc5625bb7
https://conda.anaconda.org/conda-forge/osx-64/libdeflate-1.8-h0d85af4_0.tar.bz2#0c233c9a12552ee43d1e3f477f2a54ee
https://conda.anaconda.org/conda-forge/osx-64/libev-4.33-haf1e3a3_1.tar.bz2#79dc2be110b2a3d1e97ec21f691c50ad
https://conda.anaconda.org/conda-forge/osx-64/libiconv-1.16-haf1e3a3_0.tar.bz2#c5fab167412a52e491c8e11453ae016f
https://conda.anaconda.org/conda-forge/osx-64/libogg-1.3.4-h35c211d_1.tar.bz2#a7ab4b53ef18c598ffaa597230bc3ba1
https://conda.anaconda.org/conda-forge/osx-64/libsodium-1.0.18-hbcb3906_1.tar.bz2#24632c09ed931af617fe6d5292919cab
https://conda.anaconda.org/conda-forge/osx-64/libwebp-base-1.2.0-h0d85af4_2.tar.bz2#a5d807d5f16967981d45d6f33621f580
https://conda.anaconda.org/conda-forge/osx-64/llvm-openmp-12.0.1-hda6cdc1_1.tar.bz2#35b1fd6ed9f0f1c68583dc9c9f672513
https://conda.anaconda.org/conda-forge/osx-64/mysql-common-8.0.25-h694c41f_2.tar.bz2#4e2aa063650de09f7c8cd8f29572d70d
https://conda.anaconda.org/conda-forge/osx-64/ncurses-6.2-h2e338ed_4.tar.bz2#9cef1910395d1543527583e73dba30f1
https://conda.anaconda.org/conda-forge/osx-64/pandoc-2.14.1-h0d85af4_0.tar.bz2#e92dcbeab114699191c169e9afdf2c2e
https://conda.anaconda.org/conda-forge/noarch/tzdata-2021a-he74cb21_1.tar.bz2#cc5690eb258c3706f754306f191da8d8
https://conda.anaconda.org/conda-forge/osx-64/xz-5.2.5-haf1e3a3_1.tar.bz2#41116deb499e9bc58048c297d6403ce6
https://conda.anaconda.org/conda-forge/osx-64/yaml-0.2.5-haf1e3a3_0.tar.bz2#84c2fc186995c25a43e86ed708065572
https://conda.anaconda.org/conda-forge/osx-64/zlib-1.2.11-h7795811_1010.tar.bz2#7d39e47e16ed0107f37c7224d5b5be8b
https://conda.anaconda.org/conda-forge/osx-64/blosc-1.21.0-he49afe7_0.tar.bz2#95ea0559c188b34a888d42545c580268
https://conda.anaconda.org/conda-forge/osx-64/charls-2.2.0-h046ec9c_0.tar.bz2#f685a772dc68f4e469c373a0588e89e4
https://conda.anaconda.org/conda-forge/osx-64/double-conversion-3.1.5-he49afe7_2.tar.bz2#fe900a8f0ec72c739199b3dd98b92feb
https://conda.anaconda.org/conda-forge/osx-64/expat-2.4.1-he49afe7_0.tar.bz2#61d8ae52fc518342e6e0891f2d2c4104
https://conda.anaconda.org/conda-forge/osx-64/glew-2.1.0-h046ec9c_2.tar.bz2#6b753c8c7e4c46a8eb17b6f1781f958a
https://conda.anaconda.org/conda-forge/osx-64/gmp-6.2.1-h2e338ed_0.tar.bz2#dedc96914428dae572a39e69ee2a392f
https://conda.anaconda.org/conda-forge/osx-64/hdf4-4.2.15-hefd3b78_3.tar.bz2#07bbe01a1cabdb9ec0d35524e09f4db4
https://conda.anaconda.org/conda-forge/osx-64/icu-68.1-h74dc148_0.tar.bz2#e4e7f8580abd1275ea2250fe606b66ac
https://conda.anaconda.org/conda-forge/osx-64/jsoncpp-1.9.4-h940c156_3.tar.bz2#cff70676e09999f3ce406ca25df1f185
https://conda.anaconda.org/conda-forge/osx-64/lerc-2.2.1-h046ec9c_0.tar.bz2#2b4abd282f644dc51225fa9b90218567
https://conda.anaconda.org/conda-forge/osx-64/libaec-1.0.5-he49afe7_0.tar.bz2#0ad2e558003c09b7f4a7aa5227bbf163
https://conda.anaconda.org/conda-forge/osx-64/libbrotlidec-1.0.9-h0d85af4_5.tar.bz2#9b2731519a0a951f6a0e530813c13153
https://conda.anaconda.org/conda-forge/osx-64/libbrotlienc-1.0.9-h0d85af4_5.tar.bz2#f8a82c09a3de542a7d7ce7c7eaefcf98
https://conda.anaconda.org/conda-forge/osx-64/libedit-3.1.20191231-h0678c8f_2.tar.bz2#6016a8a1d0e63cac3de2c352cd40208b
https://conda.anaconda.org/conda-forge/osx-64/libffi-3.3-h046ec9c_2.tar.bz2#c7a196accaf92d40985d5c9b4d14f9cb
https://conda.anaconda.org/conda-forge/osx-64/libgfortran5-9.3.0-h6c81a4c_23.tar.bz2#a6956ceb628b14594613cefee5127a7a
https://conda.anaconda.org/conda-forge/osx-64/libllvm10-10.0.1-h009f743_3.tar.bz2#cc65eb0b26253d2789320bfd661852f9
https://conda.anaconda.org/conda-forge/osx-64/libllvm11-11.1.0-hd011deb_2.tar.bz2#2fb85f4602db53d72af74732ac23df59
https://conda.anaconda.org/conda-forge/osx-64/libpng-1.6.37-h7cec526_2.tar.bz2#9e52521faba2b53269672628d34e1513
https://conda.anaconda.org/conda-forge/osx-64/libprotobuf-3.16.0-hcf210ce_0.tar.bz2#21c6e628ec9c9fb53b8b562f39642ffc
https://conda.anaconda.org/conda-forge/osx-64/libvorbis-1.3.7-h046ec9c_0.tar.bz2#fbbda1fede0aadaa252f6919148c4ce1
https://conda.anaconda.org/conda-forge/osx-64/libzopfli-1.0.3-h046ec9c_0.tar.bz2#55f3f5c9bccca18d33cb3a4bcfe002d7
https://conda.anaconda.org/conda-forge/osx-64/lz4-c-1.9.3-he49afe7_1.tar.bz2#05c08241b66631c00ca4f9e0b75320bc
https://conda.anaconda.org/conda-forge/osx-64/mkl-2020.4-h08c4f10_301.tar.bz2#8268ec76043b696a63a08da0c402e1d7
https://conda.anaconda.org/conda-forge/osx-64/nspr-4.30-hcd9eead_0.tar.bz2#47c2bc33545b08de4d808fca615178c6
https://conda.anaconda.org/conda-forge/osx-64/openssl-1.1.1k-h0d85af4_0.tar.bz2#f9582eb16f4e3bc7932995e122f30a74
https://conda.anaconda.org/conda-forge/osx-64/pcre-8.45-he49afe7_0.tar.bz2#0526850419e04ac003bc0b65a78dc4cc
https://conda.anaconda.org/conda-forge/osx-64/pugixml-1.11.4-he49afe7_0.tar.bz2#69d67c7202c11a51cc0e7f9cda7e49b2
https://conda.anaconda.org/conda-forge/osx-64/readline-8.1-h05e3726_0.tar.bz2#2832e9b6a7caa7cb192fcda6cfcd8871
https://conda.anaconda.org/conda-forge/osx-64/snappy-1.1.8-hb1e8313_3.tar.bz2#73b65b3935375b56deb96f6794ed721e
https://conda.anaconda.org/conda-forge/osx-64/tk-8.6.10-h0419947_1.tar.bz2#9a79a432473acddd936ff8bab8b86145
https://conda.anaconda.org/conda-forge/osx-64/zeromq-4.3.4-h1c7c35f_0.tar.bz2#2af55e3523e9210b2b2dff5855fb5382
https://conda.anaconda.org/conda-forge/osx-64/zfp-0.5.5-he49afe7_5.tar.bz2#1f2c4d3111003f2fb010a75969e28959
https://conda.anaconda.org/conda-forge/osx-64/brotli-bin-1.0.9-h0d85af4_5.tar.bz2#08556d90dc27d7d9a409742049237a8d
https://conda.anaconda.org/conda-forge/osx-64/freetype-2.10.4-h4cff582_1.tar.bz2#5a136a432c6062362cd7990c514bd8d6
https://conda.anaconda.org/conda-forge/osx-64/gettext-0.19.8.1-h7937167_1005.tar.bz2#52fd84c5cc5d61a6e05885f44d033efa
https://conda.anaconda.org/conda-forge/osx-64/gl2ps-1.4.2-h4cff582_0.tar.bz2#a9e91533b95cd019d58f4b3ef9bbddf0
https://conda.anaconda.org/conda-forge/osx-64/krb5-1.19.2-hcfbf3a7_0.tar.bz2#a690006b8fea5c7d9eccf30aa07bb5d9
https://conda.anaconda.org/conda-forge/osx-64/libclang-11.1.0-default_he082bbe_1.tar.bz2#f402dd3a01e225f5d58084d2dcb128a7
https://conda.anaconda.org/conda-forge/osx-64/libgfortran-5.0.0-9_3_0_h6c81a4c_23.tar.bz2#60f48cef2d50674e0428c5579b6c3f66
https://conda.anaconda.org/conda-forge/osx-64/libnghttp2-1.43.0-h07e645a_0.tar.bz2#b4a9c405d47f3b120ed6cf86cc8a13aa
https://conda.anaconda.org/conda-forge/osx-64/libssh2-1.9.0-h52ee1ee_6.tar.bz2#42cebefd1fd127d1180e3df004a413b7
https://conda.anaconda.org/conda-forge/osx-64/libtheora-1.1.1-h0d85af4_1005.tar.bz2#e63b84ed4c2d84901332de92a98a2f2b
https://conda.anaconda.org/conda-forge/osx-64/libxml2-2.9.12-h93ec3fd_0.tar.bz2#3bb7e5cd72ee6520ce6e26600a1283db
https://conda.anaconda.org/conda-forge/osx-64/libzip-1.8.0-h8b0c345_0.tar.bz2#44af334af2ef220c4ab83b69878b9c8e
https://conda.anaconda.org/conda-forge/osx-64/mpfr-4.0.2-h72d8aaf_1.tar.bz2#a7b9a26985eadd6675077490a015e61e
https://conda.anaconda.org/conda-forge/osx-64/sqlite-3.36.0-h23a322b_0.tar.bz2#6b6f868ab26da23c5a9b518799de901a
https://conda.anaconda.org/conda-forge/osx-64/zstd-1.5.0-h582d3a0_0.tar.bz2#96a04eeb0146059f0c2d63491f77d6d0
https://conda.anaconda.org/conda-forge/osx-64/brotli-1.0.9-h0d85af4_5.tar.bz2#70ddb29c0c6c3d33d50d0a6c2b6fddc2
https://conda.anaconda.org/conda-forge/osx-64/libcurl-7.78.0-hf45b732_0.tar.bz2#dbd0239d2c0aee6405a5466ad7cdf7ee
https://conda.anaconda.org/conda-forge/osx-64/libglib-2.68.3-hd556434_0.tar.bz2#75e9aaa254bbf5173c3ea50ff72dc5bc
https://conda.anaconda.org/conda-forge/osx-64/libopenblas-0.3.17-openmp_h3351f45_1.tar.bz2#7bcb478878af05fa60697e809d7827aa
https://conda.anaconda.org/conda-forge/osx-64/libpq-13.3-hea3049e_0.tar.bz2#3966f7b8c30ec619a44a8d570c6a4023
https://conda.anaconda.org/conda-forge/osx-64/libtiff-4.3.0-h1167814_0.tar.bz2#91356ffabc9c16907b9b2ebb3c789258
https://conda.anaconda.org/conda-forge/osx-64/mpc-1.1.0-ha57cd0f_1009.tar.bz2#e97438cea7c25b9906edf9525f580674
https://conda.anaconda.org/conda-forge/osx-64/mysql-libs-8.0.25-h115446f_2.tar.bz2#19843d11737b00df9da76e69d7030dd9
https://conda.anaconda.org/conda-forge/osx-64/nss-3.67-h31e2bf1_0.tar.bz2#43426ee7534a8b15dcaa1425e84547cd
https://conda.anaconda.org/conda-forge/osx-64/python-3.9.6-hd187cdc_1_cpython.tar.bz2#886248054c0b072f06a689f952389548
https://conda.anaconda.org/conda-forge/noarch/appdirs-1.4.4-pyh9f0ad1d_0.tar.bz2#5f095bc6454094e96f146491fd03633b
https://conda.anaconda.org/conda-forge/noarch/array_split-0.5.2-pyh95af2a2_0.tar.bz2#63dbfd2117015403fd4b51dd361b0d17
https://conda.anaconda.org/conda-forge/noarch/async_generator-1.10-py_0.tar.bz2#d56c596e61b1c4952acf0a9920856c12
https://conda.anaconda.org/conda-forge/noarch/attrs-21.2.0-pyhd8ed1ab_0.tar.bz2#d2e1c7f388ac403df7079b411c37cc50
https://conda.anaconda.org/conda-forge/noarch/backcall-0.2.0-pyh9f0ad1d_0.tar.bz2#6006a6d08a3fa99268a2681c7fb55213
https://conda.anaconda.org/conda-forge/noarch/backports-1.0-py_2.tar.bz2#0da16b293affa6ac31812376f8eb79dd
https://conda.anaconda.org/conda-forge/osx-64/brunsli-0.1-h046ec9c_0.tar.bz2#28d47920c95b85499c9a61994cc49b87
https://conda.anaconda.org/conda-forge/noarch/cached_property-1.5.2-pyha770c72_1.tar.bz2#576d629e47797577ab0f1b351297ef4a
https://conda.anaconda.org/conda-forge/osx-64/cfitsio-3.470-h01dc385_7.tar.bz2#7f3e6254480eeccf854238807b1798d9
https://conda.anaconda.org/conda-forge/noarch/charset-normalizer-2.0.0-pyhd8ed1ab_0.tar.bz2#4a57e24d5b759893615c05926b7b5fb9
https://conda.anaconda.org/conda-forge/noarch/cloudpickle-1.6.0-py_0.tar.bz2#76d764d8881719e305f6fa368dc2b65e
https://conda.anaconda.org/conda-forge/noarch/colorama-0.4.4-pyh9f0ad1d_0.tar.bz2#c08b4c1326b880ed44f3ffb04803332f
https://conda.anaconda.org/conda-forge/noarch/constantly-15.1.0-py_0.tar.bz2#6cc019fc01a1e9ea7eb0bfccfc6c9d2d
https://conda.anaconda.org/conda-forge/osx-64/curl-7.78.0-hb861fe1_0.tar.bz2#439763cec96dd320cc36e3d4cf948093
https://conda.anaconda.org/conda-forge/noarch/decorator-5.0.9-pyhd8ed1ab_0.tar.bz2#0ae9cca42e37b5ce6267c2a2b1383546
https://conda.anaconda.org/conda-forge/noarch/defusedxml-0.7.1-pyhd8ed1ab_0.tar.bz2#961b3a227b437d82ad7054484cfa71b2
https://conda.anaconda.org/conda-forge/noarch/entrypoints-0.3-pyhd8ed1ab_1003.tar.bz2#bbf9a201f6ce99a506f4955374d9a9f4
https://conda.anaconda.org/conda-forge/noarch/execnet-1.9.0-pyhd8ed1ab_0.tar.bz2#0e521f7a5e60d508b121d38b04874fb2
https://conda.anaconda.org/conda-forge/noarch/flatdict-4.0.1-pyh9f0ad1d_0.tar.bz2#3df3b7f4ed0149076b87bfd23ceb63ea
https://conda.anaconda.org/conda-forge/noarch/fsspec-2021.7.0-pyhd8ed1ab_0.tar.bz2#84fdd43802084b7c414db36b33538ea3
https://conda.anaconda.org/conda-forge/osx-64/glib-tools-2.68.3-he49afe7_0.tar.bz2#bd6fe18bdf0c625842dbec685d77bfbf
https://conda.anaconda.org/conda-forge/osx-64/hdf5-1.10.6-nompi_hc5d9132_1114.tar.bz2#b7f592b79c2c97646a6c7f874b0db33a
https://conda.anaconda.org/conda-forge/noarch/heapdict-1.0.1-py_0.tar.bz2#77242bfb1e74a627fb06319b5a2d3b95
https://conda.anaconda.org/conda-forge/noarch/idna-3.1-pyhd3deb0d_0.tar.bz2#9c9aea4b8391264477df484f798562d0
https://conda.anaconda.org/conda-forge/noarch/incremental-21.3.0-pyhd8ed1ab_0.tar.bz2#14fd665582bf1c52eeeb629ad9cfe99e
https://conda.anaconda.org/conda-forge/noarch/iniconfig-1.1.1-pyh9f0ad1d_0.tar.bz2#39161f81cc5e5ca45b8226fbb06c6905
https://conda.anaconda.org/conda-forge/noarch/ipython_genutils-0.2.0-py_1.tar.bz2#5071c982548b3a20caf70462f04f5287
https://conda.anaconda.org/conda-forge/noarch/jupyterlab_widgets-1.0.0-pyhd8ed1ab_1.tar.bz2#f8da92114c8fbe1d951b0efaf54dd14b
https://conda.anaconda.org/conda-forge/osx-64/lcms2-2.12-h577c468_0.tar.bz2#abce77b852b73670e85e104746b0ea1b
https://conda.anaconda.org/conda-forge/osx-64/libblas-3.9.0-10_openblas.tar.bz2#7c40e86f4f5c4b4e1677d26f4af6458a
https://conda.anaconda.org/conda-forge/noarch/locket-0.2.0-py_2.tar.bz2#709e8671651c7ec3d1ad07800339ff1d
https://conda.anaconda.org/conda-forge/noarch/more-itertools-8.8.0-pyhd8ed1ab_0.tar.bz2#af8d3837f18d331839368bcb9f8cd3d9
https://conda.anaconda.org/conda-forge/noarch/mpmath-1.2.1-pyhd8ed1ab_0.tar.bz2#9b06ebbd24f7c60ba5a29117c528514e
https://conda.anaconda.org/conda-forge/noarch/nest-asyncio-1.5.1-pyhd8ed1ab_0.tar.bz2#47a51a5b8f9cc41004c8d7bd88b62447
https://conda.anaconda.org/conda-forge/noarch/olefile-0.46-pyh9f0ad1d_1.tar.bz2#0b2e68acc8c78c8cc392b90983481f58
https://conda.anaconda.org/conda-forge/osx-64/openjpeg-2.4.0-h6e7aa92_1.tar.bz2#c8cbb6d99f6467246ac26a139256e50f
https://conda.anaconda.org/conda-forge/noarch/pandocfilters-1.4.2-py_1.tar.bz2#ba6f4a308f1ea22abe1d72e72544af76
https://conda.anaconda.org/conda-forge/noarch/parso-0.8.2-pyhd8ed1ab_0.tar.bz2#fb40b157bd62b457a1cc82527b63f0b0
https://conda.anaconda.org/conda-forge/noarch/pickleshare-0.7.5-py_1003.tar.bz2#415f0ebb6198cc2801c73438a9fb5761
https://conda.anaconda.org/conda-forge/noarch/prometheus_client-0.11.0-pyhd8ed1ab_0.tar.bz2#01f530bf82d9f589c2087b8c347d5e29
https://conda.anaconda.org/conda-forge/noarch/ptyprocess-0.7.0-pyhd3deb0d_0.tar.bz2#359eeb6536da0e687af562ed265ec263
https://conda.anaconda.org/conda-forge/noarch/py-1.10.0-pyhd3deb0d_0.tar.bz2#88ca1328ecc79a070214aa24911bace8
https://conda.anaconda.org/conda-forge/noarch/pyasn1-0.4.8-py_0.tar.bz2#06d04c9f8f72ac77911db942eda24fb9
https://conda.anaconda.org/conda-forge/noarch/pycodestyle-2.7.0-pyhd8ed1ab_0.tar.bz2#0234673eb2ecfbdf4e54574ab4d95f81
https://conda.anaconda.org/conda-forge/noarch/pycparser-2.20-pyh9f0ad1d_2.tar.bz2#aa798d50ffd182a0f6f31478c7f434f6
https://conda.anaconda.org/conda-forge/noarch/pyhamcrest-2.0.2-py_0.tar.bz2#008bcb771d03dcd79b3585fa483d144f
https://conda.anaconda.org/conda-forge/noarch/pyparsing-2.4.7-pyh9f0ad1d_0.tar.bz2#626c4f20d5bf06dcec9cf2eaa31725c7
https://conda.anaconda.org/conda-forge/osx-64/python_abi-3.9-2_cp39.tar.bz2#262f557ee8ca777fe2190956038024cd
https://conda.anaconda.org/conda-forge/noarch/pytz-2021.1-pyhd8ed1ab_0.tar.bz2#3af2e9424d5eb0063824a3f9b850d411
https://conda.anaconda.org/conda-forge/osx-64/qt-5.12.9-h126340a_4.tar.bz2#3fd8d112f817bc29a2ff8f508b815845
https://conda.anaconda.org/conda-forge/noarch/qtpy-1.9.0-py_0.tar.bz2#ab75b0ea90d2621e1924b824e2f395ee
https://conda.anaconda.org/conda-forge/noarch/send2trash-1.7.1-pyhd8ed1ab_0.tar.bz2#10c92e8e5c7ca439d11bec031ff17db3
https://conda.anaconda.org/conda-forge/noarch/six-1.16.0-pyh6c4a22f_0.tar.bz2#e5f25f8dbc060e9a8d912e432202afc2
https://conda.anaconda.org/conda-forge/noarch/smmap-3.0.5-pyh44b312d_0.tar.bz2#3a8dc70789709aa315325d5df06fb7e4
https://conda.anaconda.org/conda-forge/noarch/sortedcontainers-2.4.0-pyhd8ed1ab_0.tar.bz2#6d6552722448103793743dabfbda532d
https://conda.anaconda.org/conda-forge/noarch/tblib-1.7.0-pyhd8ed1ab_0.tar.bz2#3d4afc31302aa7be471feb6be048ed76
https://conda.anaconda.org/conda-forge/noarch/termcolor-1.1.0-py_2.tar.bz2#c7fd66fedfff76bfe477c6f33c96d83a
https://conda.anaconda.org/conda-forge/noarch/testpath-0.5.0-pyhd8ed1ab_0.tar.bz2#53b57d6a468bebc7cef1253b177a5e9e
https://conda.anaconda.org/conda-forge/noarch/toml-0.10.2-pyhd8ed1ab_0.tar.bz2#f832c45a477c78bebd107098db465095
https://conda.anaconda.org/conda-forge/noarch/toolz-0.11.1-py_0.tar.bz2#d1e66b58cb00b3817ad9f05eec098c00
https://conda.anaconda.org/conda-forge/noarch/typing_extensions-3.10.0.0-pyha770c72_0.tar.bz2#67c0cba6533b641f28946d7c16f361c8
https://conda.anaconda.org/conda-forge/noarch/webencodings-0.5.1-py_1.tar.bz2#3563be4c5611a44210d9ba0c16113136
https://conda.anaconda.org/conda-forge/noarch/wheel-0.36.2-pyhd3deb0d_0.tar.bz2#768bfbe026426d0e76b377997d1f2b98
https://conda.anaconda.org/conda-forge/noarch/zipp-3.5.0-pyhd8ed1ab_0.tar.bz2#f9dd05a5ed6b81c91f097e3739107a74
https://conda.anaconda.org/conda-forge/osx-64/appnope-0.1.2-py39h6e9494a_1.tar.bz2#d9b6464e55c4d9a7757c6294b8673400
https://conda.anaconda.org/conda-forge/noarch/automat-20.2.0-py_0.tar.bz2#0931a4f6f2a28ab4af8316027142a295
https://conda.anaconda.org/conda-forge/noarch/cached-property-1.5.2-hd8ed1ab_1.tar.bz2#9b347a7ec10940d3f7941ff6c460b551
https://conda.anaconda.org/conda-forge/osx-64/certifi-2021.5.30-py39h6e9494a_0.tar.bz2#f5946ac7fd793702380bfcb90a353a0f
https://conda.anaconda.org/conda-forge/osx-64/cffi-1.14.6-py39hb71fe58_0.tar.bz2#95812f42e02f34b69fef112a6111058e
https://conda.anaconda.org/conda-forge/osx-64/cgns-4.2.0-h69ce682_2.tar.bz2#aa6c6e81fc1f4e38af16bbb88082fe5f
https://conda.anaconda.org/conda-forge/osx-64/chardet-4.0.0-py39h6e9494a_1.tar.bz2#f514d534fca0f9876720954703250c88
https://conda.anaconda.org/conda-forge/osx-64/click-8.0.1-py39h6e9494a_0.tar.bz2#67f5b58a1e8474030766b4e2b5c8951d
https://conda.anaconda.org/conda-forge/osx-64/coverage-5.5-py39h89e85a6_0.tar.bz2#34ff5dca2238ecc4bfe53bf5e06cd543
https://conda.anaconda.org/conda-forge/noarch/cycler-0.10.0-py_2.tar.bz2#f6d7c7e6d8f42cbbec7e07a8d879f91c
https://conda.anaconda.org/conda-forge/osx-64/cytoolz-0.11.0-py39h89e85a6_3.tar.bz2#4fbd4d096419bfeb380c411a0553bd08
https://conda.anaconda.org/conda-forge/osx-64/debugpy-1.4.1-py39h9fcab8e_0.tar.bz2#9493313c359d78a3d7c82697c4f5916b
https://conda.anaconda.org/conda-forge/noarch/docrep-0.3.2-pyh44b312d_0.tar.bz2#235523955bc1bfb019d7ec8a2bb58f9a
https://conda.anaconda.org/conda-forge/noarch/gitdb-4.0.7-pyhd8ed1ab_0.tar.bz2#12977b4cc317a6ee2939aedcb09a4898
https://conda.anaconda.org/conda-forge/osx-64/glib-2.68.3-he49afe7_0.tar.bz2#724bd97d886fe9e0ef278a4df980d0e6
https://conda.anaconda.org/conda-forge/osx-64/gmpy2-2.1.0b5-py39hab8a6df_0.tar.bz2#cf260c7155ece237efd514c2b86713b7
https://conda.anaconda.org/conda-forge/noarch/hyperlink-21.0.0-pyhd3deb0d_0.tar.bz2#1303beb57b40f8f4ff6fb1bb23bf0553
https://conda.anaconda.org/conda-forge/osx-64/importlib-metadata-4.6.3-py39h6e9494a_0.tar.bz2#6a6bd728243eaa22ad64f106373221d8
https://conda.anaconda.org/conda-forge/osx-64/jedi-0.18.0-py39h6e9494a_2.tar.bz2#e744e49642242ea6ab59b56d11df9466
https://conda.anaconda.org/conda-forge/osx-64/kiwisolver-1.3.1-py39hf018cea_1.tar.bz2#a639b585d442a615b965f81fbee80349
https://conda.anaconda.org/conda-forge/osx-64/libcblas-3.9.0-10_openblas.tar.bz2#b36b3e81ef01386e8945409d6d701e02
https://conda.anaconda.org/conda-forge/osx-64/liblapack-3.9.0-10_openblas.tar.bz2#db172c5684054cd5f59b173dd84246ff
https://conda.anaconda.org/conda-forge/osx-64/libnetcdf-4.8.0-nompi_hb4d10b0_103.tar.bz2#46aaba1e7132caaf47d6c0061a2be026
https://conda.anaconda.org/conda-forge/osx-64/llvmlite-0.36.0-py39h798a4f4_0.tar.bz2#8eceef66e7247bcd40df164d8f3c86d1
https://conda.anaconda.org/conda-forge/osx-64/markupsafe-2.0.1-py39h89e85a6_0.tar.bz2#573ebdf373782a914d363f58da4edf20
https://conda.anaconda.org/conda-forge/osx-64/mistune-0.8.4-py39h89e85a6_1004.tar.bz2#72b6344d22df075a39b79cff7c30dc7d
https://conda.anaconda.org/conda-forge/osx-64/mkl-service-2.3.0-py39hb5aae12_2.tar.bz2#7ce8b03d5621060f724ed4e67dcf8a68
https://conda.anaconda.org/conda-forge/osx-64/msgpack-python-1.0.2-py39hf018cea_1.tar.bz2#be55fff7b78955dbd7f1f277015016e8
https://conda.anaconda.org/conda-forge/noarch/packaging-21.0-pyhd8ed1ab_0.tar.bz2#45cfb8e482b5cce8f07c87e0e19a592c
https://conda.anaconda.org/conda-forge/noarch/partd-1.2.0-pyhd8ed1ab_0.tar.bz2#0c32f563d7f22e3a34c95cad8cc95651
https://conda.anaconda.org/conda-forge/noarch/pexpect-4.8.0-pyh9f0ad1d_2.tar.bz2#5909e7b978141dd80d28dbf9de627827
https://conda.anaconda.org/conda-forge/osx-64/pillow-8.3.1-py39he9bb72f_0.tar.bz2#a382fbd9c4978319503ec63668528929
https://conda.anaconda.org/conda-forge/osx-64/pluggy-0.13.1-py39h6e9494a_4.tar.bz2#cd205b8907ea7d025d3c4ef61a3fdb84
https://conda.anaconda.org/conda-forge/osx-64/psutil-5.8.0-py39h89e85a6_1.tar.bz2#7bdf1a038c5aa4997a55e5e156e1c9db
https://conda.anaconda.org/conda-forge/noarch/pyasn1-modules-0.2.7-py_0.tar.bz2#ad1e886d09700b2304975335f714bd9c
https://conda.anaconda.org/conda-forge/osx-64/pyqt5-sip-4.19.18-py39hd8f94c5_7.tar.bz2#d7c7a6be4c8eeeaa5e54c8dc3e94b4bc
https://conda.anaconda.org/conda-forge/osx-64/pyrsistent-0.17.3-py39h89e85a6_2.tar.bz2#5be6b878edc3dee9c997675af8de1370
https://conda.anaconda.org/conda-forge/osx-64/pysocks-1.7.1-py39h6e9494a_3.tar.bz2#9badaee0fe9f61aa4794987f88e543fe
https://conda.anaconda.org/conda-forge/noarch/python-dateutil-2.8.2-pyhd8ed1ab_0.tar.bz2#dd999d1cc9f79e67dbb855c8924c7984
https://conda.anaconda.org/conda-forge/noarch/python-utils-2.5.6-pyh44b312d_0.tar.bz2#fc1f229151e482f621adbe1b5a1bf9c6
https://conda.anaconda.org/conda-forge/osx-64/pyyaml-5.4.1-py39hcbf5805_0.tar.bz2#16125bf06cd4bb0749f109f1451d7ed4
https://conda.anaconda.org/conda-forge/osx-64/pyzmq-22.1.0-py39h7fec2f1_0.tar.bz2#8f99e42a5d9c05c0e2008312f336f482
https://conda.anaconda.org/conda-forge/noarch/terminaltables-3.1.0-py_0.tar.bz2#4fc8bb7e1f4a025650b8bef923525345
https://conda.anaconda.org/conda-forge/osx-64/tornado-6.1-py39h89e85a6_1.tar.bz2#1850c930b8e1e47f50d287c86c53e714
https://conda.anaconda.org/conda-forge/noarch/tqdm-4.62.0-pyhd8ed1ab_0.tar.bz2#6eaecae6ef42374481ce616292a0c945
https://conda.anaconda.org/conda-forge/noarch/traitlets-5.0.5-py_0.tar.bz2#99618ee9ab1323e40f231acdab92fe60
https://conda.anaconda.org/conda-forge/noarch/zict-2.0.0-py_0.tar.bz2#4750152be22f24d695b3004c5e1712d3
https://conda.anaconda.org/conda-forge/osx-64/argon2-cffi-20.1.0-py39h89e85a6_2.tar.bz2#58108ce872e23aca366c01daa04236d7
https://conda.anaconda.org/conda-forge/osx-64/brotlipy-0.7.0-py39h89e85a6_1001.tar.bz2#5d6ca17baad072799574678334840c4d
https://conda.anaconda.org/conda-forge/osx-64/cryptography-3.4.7-py39ha2c9959_0.tar.bz2#2c4542d3abca07b2b7263e15c85917db
https://conda.anaconda.org/conda-forge/noarch/dask-core-2021.7.2-pyhd8ed1ab_0.tar.bz2#249982c77565b1040d8cc27dadf9dd89
https://conda.anaconda.org/conda-forge/osx-64/dbus-1.13.6-ha13b53f_2.tar.bz2#419c24c09b564083e2407afe507e0266
https://conda.anaconda.org/conda-forge/noarch/gitpython-3.1.18-pyhd8ed1ab_0.tar.bz2#19520f600cddf466cc3551e521809b66
https://conda.anaconda.org/conda-forge/noarch/jinja2-3.0.1-pyhd8ed1ab_0.tar.bz2#c647e77921fd3e245cdcc5b2d451a0f8
https://conda.anaconda.org/conda-forge/osx-64/jupyter_core-4.7.1-py39h6e9494a_0.tar.bz2#a8ffa3668c29198baa6a6d42cce93f81
https://conda.anaconda.org/conda-forge/noarch/matplotlib-inline-0.1.2-pyhd8ed1ab_2.tar.bz2#0967e1db58b16e416464ca399f87df79
https://conda.anaconda.org/conda-forge/osx-64/numpy-1.21.1-py39h7eed0ac_0.tar.bz2#046a445ce745375f440a53e4924149ab
https://conda.anaconda.org/conda-forge/osx-64/pytest-6.2.4-py39h6e9494a_0.tar.bz2#8ebc4f66c7171fca4823f329d9b776e1
https://conda.anaconda.org/conda-forge/osx-64/setuptools-49.6.0-py39h6e9494a_3.tar.bz2#f4f757b28d82aae4f8c7f5aac5c9e477
https://conda.anaconda.org/conda-forge/osx-64/sympy-1.8-py39h6e9494a_0.tar.bz2#45f2bf784f7638840ef2725aebdf96a6
https://conda.anaconda.org/conda-forge/osx-64/terminado-0.10.1-py39h6e9494a_0.tar.bz2#517a6ef3e72682c73c72a82432e89a4d
https://conda.anaconda.org/conda-forge/noarch/backports.functools_lru_cache-1.6.4-pyhd8ed1ab_0.tar.bz2#c5b3edc62d6309088f4970b3eaaa65a6
https://conda.anaconda.org/conda-forge/noarch/bleach-3.3.1-pyhd8ed1ab_0.tar.bz2#41c16b233ae28fa75019842836b55254
https://conda.anaconda.org/conda-forge/osx-64/bokeh-2.3.3-py39h6e9494a_0.tar.bz2#b46315e11ecfa29c8d126ea08e28f03b
https://conda.anaconda.org/conda-forge/osx-64/distributed-2021.7.2-py39h6e9494a_0.tar.bz2#5cc742ceafbdd76776101789ab4da162
https://conda.anaconda.org/conda-forge/osx-64/edt-2.1.1-py39hf018cea_0.tar.bz2#4e1233ebc2259a55abbe4aa0127c50cb
https://conda.anaconda.org/conda-forge/osx-64/h5py-3.3.0-nompi_py39h1bb8402_100.tar.bz2#15cb5216dc4dc90a997dc84b94933577
https://conda.anaconda.org/conda-forge/osx-64/imagecodecs-2021.7.30-py39he5b32f2_0.tar.bz2#f23240012c80b6771c8af04f0ff8908e
https://conda.anaconda.org/conda-forge/noarch/imageio-2.9.0-py_0.tar.bz2#62ad9e579278e777d4abaa8c9312b6a7
https://conda.anaconda.org/conda-forge/noarch/jsonschema-3.2.0-pyhd8ed1ab_3.tar.bz2#66125e28711d8ffc04a207a2b170316d
https://conda.anaconda.org/conda-forge/noarch/jupyter_client-6.1.12-pyhd8ed1ab_0.tar.bz2#f58b38ddb9f94fa3cafea4ba2b17f93b
https://conda.anaconda.org/conda-forge/osx-64/matplotlib-base-3.4.2-py39hb07454d_0.tar.bz2#c7893d6e9b11dc9c1f7c4b85b092f443
https://conda.anaconda.org/conda-forge/noarch/networkx-2.5-py_0.tar.bz2#d836ad8453c22192357707026ca21653
https://conda.anaconda.org/conda-forge/osx-64/numba-0.53.1-py39h32e38f5_1.tar.bz2#bfb641e82596ed0b14e2205c9ec7c4d9
https://conda.anaconda.org/conda-forge/osx-64/numpy-stl-2.16.0-py39hc89836e_0.tar.bz2#fd53d5f6e9aa0295c8ccaf3500f26aed
https://conda.anaconda.org/conda-forge/osx-64/pandas-1.3.1-py39h4d6be9b_0.tar.bz2#825ee9a509302e3c5bfd000ffa25c500
https://conda.anaconda.org/conda-forge/noarch/pip-21.2.2-pyhd8ed1ab_0.tar.bz2#9c8a53998492d33fdcfcbbd9c2f037b2
https://conda.anaconda.org/conda-forge/noarch/pyevtk-1.4.1-pyh8a188c0_0.tar.bz2#78cd9abeb15a8129dd7b8aa79b3c3a31
https://conda.anaconda.org/conda-forge/noarch/pygments-2.9.0-pyhd8ed1ab_0.tar.bz2#a2d9bba43c9b80a42b0ccb9afd7223c2
https://conda.anaconda.org/conda-forge/noarch/pyopenssl-20.0.1-pyhd8ed1ab_0.tar.bz2#92371c25994d0f5d28a01c1fb75ebf86
https://conda.anaconda.org/conda-forge/osx-64/pyqt-impl-5.12.3-py39hef7122c_7.tar.bz2#2095ebf32dead63bf600e969db245560
https://conda.anaconda.org/conda-forge/noarch/pytest-cache-1.0-py_2.tar.bz2#127d734543b5c04b1429dd402123308f
https://conda.anaconda.org/conda-forge/noarch/pytest-codestyle-2.0.1-py_0.tar.bz2#74135a4626e6c4bed80955c0adc4d8be
https://conda.anaconda.org/conda-forge/noarch/pytest-cov-2.12.1-pyhd8ed1ab_0.tar.bz2#806b9d494058d0ec2dfd76607d1c33f4
https://conda.anaconda.org/conda-forge/osx-64/pywavelets-1.1.1-py39hae3b40e_3.tar.bz2#3bdeb04bffc5be3aa12336acdd3e0998
https://conda.anaconda.org/conda-forge/osx-64/scipy-1.7.0-py39h056f1c0_1.tar.bz2#72432c75fb5fecb7e92f0faa3a275c57
https://conda.anaconda.org/conda-forge/noarch/transforms3d-0.3.1-py_0.tar.bz2#6da5577349701747d4241472f18a9e76
https://conda.anaconda.org/conda-forge/osx-64/zope.interface-5.4.0-py39h89e85a6_0.tar.bz2#d7697a7ee1f35d940c5111d7386e0409
https://conda.anaconda.org/conda-forge/osx-64/bcrypt-3.2.0-py39h89e85a6_1.tar.bz2#86bea738c730f131d86fd3f93fe2d54f
https://conda.anaconda.org/conda-forge/noarch/dask-2021.7.2-pyhd8ed1ab_0.tar.bz2#998ae0ba5626d98bb972359f776bc394
https://conda.anaconda.org/conda-forge/noarch/json_tricks-3.15.5-pyhd8ed1ab_0.tar.bz2#92ea408376b5a0b274b5ab636967297a
https://conda.anaconda.org/conda-forge/noarch/jupyterlab_pygments-0.1.2-pyh9f0ad1d_0.tar.bz2#2cbd910890bb328e8959246a1e16fac7
https://conda.anaconda.org/conda-forge/osx-64/matplotlib-3.4.2-py39h6e9494a_0.tar.bz2#02e1440aa0134f66caf051ca2aad2ca3
https://conda.anaconda.org/conda-forge/noarch/nbformat-5.1.3-pyhd8ed1ab_0.tar.bz2#bafa5df6d4f8db69a4d197b4657127e7
https://conda.anaconda.org/conda-forge/noarch/pardiso4py-0.2.2-pyh9f0ad1d_0.tar.bz2#0ff32b5ac66a4481f4ac240be5afc493
https://conda.anaconda.org/conda-forge/osx-64/pyamg-4.1.0-py39ha1f3e3e_0.tar.bz2#6d4d43fffeca36ba52f71995292c5bec
https://conda.anaconda.org/conda-forge/osx-64/pyqtchart-5.12-py39hef7122c_7.tar.bz2#3f186249a34245913a84d225a058c7ac
https://conda.anaconda.org/conda-forge/osx-64/pyqtwebengine-5.12.1-py39hef7122c_7.tar.bz2#d5f4e863293f6f614becde4107be4a97
https://conda.anaconda.org/conda-forge/noarch/service_identity-18.1.0-py_0.tar.bz2#bea53ad2212fa8f270c427bd40ce1fbd
https://conda.anaconda.org/conda-forge/noarch/tifffile-2021.7.30-pyhd8ed1ab_0.tar.bz2#243a726b0215015b7a0bf1931f74b875
https://conda.anaconda.org/conda-forge/noarch/urllib3-1.26.6-pyhd8ed1ab_0.tar.bz2#dea5b6d93cfbfbc2a253168ad05b3f89
https://conda.anaconda.org/conda-forge/noarch/wcwidth-0.2.5-pyh9f0ad1d_2.tar.bz2#5266fcd697043c59621fda522b3d78ee
https://conda.anaconda.org/conda-forge/noarch/nbclient-0.5.3-pyhd8ed1ab_0.tar.bz2#67f12831640fde52fe9be1bbc6b699e7
https://conda.anaconda.org/conda-forge/noarch/prompt-toolkit-3.0.19-pyha770c72_0.tar.bz2#d6db5e598611b7e81a3d38498174e6e8
https://conda.anaconda.org/conda-forge/osx-64/pyqt-5.12.3-py39h6e9494a_7.tar.bz2#2dd0c7db8f759aef879bc81bd08bd838
https://conda.anaconda.org/conda-forge/noarch/requests-2.26.0-pyhd8ed1ab_0.tar.bz2#0ed2ccbde6db9dd5789068eb7194463f
https://conda.anaconda.org/conda-forge/osx-64/twisted-21.2.0-py39h89e85a6_0.tar.bz2#b8faaf746dca9761d9646b0ff6f5fcc9
https://conda.anaconda.org/conda-forge/noarch/codecov-2.1.11-pyhd3deb0d_0.tar.bz2#9c661c2c14b4667827218402e6624ad5
https://conda.anaconda.org/conda-forge/osx-64/ipython-7.26.0-py39h71a6800_0.tar.bz2#d128d243eaaabc4779966ef5dc7e6b17
https://conda.anaconda.org/conda-forge/osx-64/nbconvert-6.1.0-py39h6e9494a_0.tar.bz2#79b09495a9f14e1e7906b724066c5fad
https://conda.anaconda.org/conda-forge/osx-64/paraview-5.9.1-hd107574_102_qt.tar.bz2#b84c646d2464fcaf3cc47795df973931
https://conda.anaconda.org/conda-forge/noarch/pooch-1.4.0-pyhd8ed1ab_0.tar.bz2#ac1a05fdf13be824cc764eddac0dde9c
https://conda.anaconda.org/conda-forge/noarch/prompt_toolkit-3.0.19-hd8ed1ab_0.tar.bz2#22417c53873d61803b8eda5ba13fd85d
https://conda.anaconda.org/conda-forge/osx-64/ipykernel-6.0.3-py39h71a6800_0.tar.bz2#6d138f7ed130dd55759a6ed082e57562
https://conda.anaconda.org/conda-forge/osx-64/scikit-image-0.18.2-py39h4d6be9b_0.tar.bz2#f23091874c2ce50ee526cdaac3354f34
https://conda.anaconda.org/conda-forge/noarch/jupyter_console-6.4.0-pyhd8ed1ab_0.tar.bz2#ee5895aebb8104e4e087f06aae64977a
https://conda.anaconda.org/conda-forge/noarch/nbval-0.9.6-pyh9f0ad1d_0.tar.bz2#b627e05284e7affc46b6e4878aa1d96b
https://conda.anaconda.org/conda-forge/noarch/notebook-6.4.0-pyha770c72_0.tar.bz2#1edbf3ee7482e201e572db0211e17f30
https://conda.anaconda.org/conda-forge/noarch/openpnm-2.7.0-pyhd8ed1ab_0.tar.bz2#28afe7f3388bd6a3d7eef0bd494a3325
https://conda.anaconda.org/conda-forge/noarch/qtconsole-5.1.1-pyhd8ed1ab_0.tar.bz2#d5ad640caccf8221364d566c9259ac6f
https://conda.anaconda.org/conda-forge/osx-64/widgetsnbextension-3.5.1-py39h6e9494a_4.tar.bz2#b494a8a3cfb8ee5418d5756547d94682
https://conda.anaconda.org/conda-forge/noarch/ipywidgets-7.6.3-pyhd3deb0d_0.tar.bz2#536a9ed6d9e740f2b83d1a3c388e4388
https://conda.anaconda.org/conda-forge/osx-64/jupyter-1.0.0-py39h6e9494a_6.tar.bz2#edd5521140c83b0a08f9ab819dae12e4
